// !$*UTF8*$!
{
	archiveVersion = 1;
	classes = {
	};
	objectVersion = 46;
	objects = {

/* Begin PBXBuildFile section */
		1940FC8A1CE0B63B0087A204 /* MBProgressHUD+XMG.m in Sources */ = {isa = PBXBuildFile; fileRef = 1940FC861CE0B63B0087A204 /* MBProgressHUD+XMG.m */; };
		1940FC8B1CE0B63B0087A204 /* MBProgressHUD.bundle in Resources */ = {isa = PBXBuildFile; fileRef = 1940FC871CE0B63B0087A204 /* MBProgressHUD.bundle */; };
		1940FC8C1CE0B63B0087A204 /* MBProgressHUD.m in Sources */ = {isa = PBXBuildFile; fileRef = 1940FC891CE0B63B0087A204 /* MBProgressHUD.m */; };
		2142867E1CD98FBE00256529 /* RYJFriendModel.m in Sources */ = {isa = PBXBuildFile; fileRef = 2142867D1CD98FBE00256529 /* RYJFriendModel.m */; };
		214286821CD9CE6C00256529 /* ChatCell.m in Sources */ = {isa = PBXBuildFile; fileRef = 214286801CD9CE6C00256529 /* ChatCell.m */; };
		214286831CD9CE6C00256529 /* ChatCell.xib in Resources */ = {isa = PBXBuildFile; fileRef = 214286811CD9CE6C00256529 /* ChatCell.xib */; };
		214286861CD9D3A100256529 /* RYJChatModel.m in Sources */ = {isa = PBXBuildFile; fileRef = 214286851CD9D3A100256529 /* RYJChatModel.m */; };
		2142868E1CDC2DD500256529 /* QuanViewController.m in Sources */ = {isa = PBXBuildFile; fileRef = 2142868D1CDC2DD500256529 /* QuanViewController.m */; };
		214286911CDC2FF200256529 /* QuanModel.m in Sources */ = {isa = PBXBuildFile; fileRef = 214286901CDC2FF200256529 /* QuanModel.m */; };
		214286951CDC302900256529 /* RYJQuanCell.m in Sources */ = {isa = PBXBuildFile; fileRef = 214286931CDC302900256529 /* RYJQuanCell.m */; };
		214286961CDC302900256529 /* RYJQuanCell.xib in Resources */ = {isa = PBXBuildFile; fileRef = 214286941CDC302900256529 /* RYJQuanCell.xib */; };
		214286991CDC3D6E00256529 /* RYJPersonViewController.m in Sources */ = {isa = PBXBuildFile; fileRef = 214286981CDC3D6E00256529 /* RYJPersonViewController.m */; };
		2142869C1CDC3D9B00256529 /* RYJChangDataViewController.m in Sources */ = {isa = PBXBuildFile; fileRef = 2142869B1CDC3D9B00256529 /* RYJChangDataViewController.m */; };
		2142869F1CDC3DBC00256529 /* RYJSettingViewController.m in Sources */ = {isa = PBXBuildFile; fileRef = 2142869E1CDC3DBC00256529 /* RYJSettingViewController.m */; };
		21A919CF1CDD8F81001B7A4B /* GlassView.m in Sources */ = {isa = PBXBuildFile; fileRef = 21A919CE1CDD8F81001B7A4B /* GlassView.m */; };
		21A919D31CDD945F001B7A4B /* Login.storyboard in Resources */ = {isa = PBXBuildFile; fileRef = 21A919D21CDD945F001B7A4B /* Login.storyboard */; };
		21A919D61CDDBB20001B7A4B /* PreViewController.m in Sources */ = {isa = PBXBuildFile; fileRef = 21A919D51CDDBB20001B7A4B /* PreViewController.m */; };
		21A919D91CDDBB2C001B7A4B /* LoginViewController.m in Sources */ = {isa = PBXBuildFile; fileRef = 21A919D81CDDBB2C001B7A4B /* LoginViewController.m */; };
		21A919DC1CDDBB3C001B7A4B /* RegisterViewController.m in Sources */ = {isa = PBXBuildFile; fileRef = 21A919DB1CDDBB3C001B7A4B /* RegisterViewController.m */; };
		21DC9FDF1CD8C1F1008F16A4 /* main.m in Sources */ = {isa = PBXBuildFile; fileRef = 21DC9FDE1CD8C1F1008F16A4 /* main.m */; };
		21DC9FE21CD8C1F1008F16A4 /* AppDelegate.m in Sources */ = {isa = PBXBuildFile; fileRef = 21DC9FE11CD8C1F1008F16A4 /* AppDelegate.m */; };
		21DC9FEA1CD8C1F1008F16A4 /* Assets.xcassets in Resources */ = {isa = PBXBuildFile; fileRef = 21DC9FE91CD8C1F1008F16A4 /* Assets.xcassets */; };
		21DC9FF81CD8C1F1008F16A4 /* ChatJieTests.m in Sources */ = {isa = PBXBuildFile; fileRef = 21DC9FF71CD8C1F1008F16A4 /* ChatJieTests.m */; };
		21DCA0031CD8C1F1008F16A4 /* ChatJieUITests.m in Sources */ = {isa = PBXBuildFile; fileRef = 21DCA0021CD8C1F1008F16A4 /* ChatJieUITests.m */; };
		21DCA0271CD8C3C1008F16A4 /* NSString+PinYin.m in Sources */ = {isa = PBXBuildFile; fileRef = 21DCA0261CD8C3C1008F16A4 /* NSString+PinYin.m */; };
		21DCA02B1CD8C3E0008F16A4 /* RYJPersonModel.m in Sources */ = {isa = PBXBuildFile; fileRef = 21DCA02A1CD8C3E0008F16A4 /* RYJPersonModel.m */; };
		21DCA02E1CD8C3E6008F16A4 /* RYJPersonCell.m in Sources */ = {isa = PBXBuildFile; fileRef = 21DCA02D1CD8C3E6008F16A4 /* RYJPersonCell.m */; };
		21DCA0321CD8C3F8008F16A4 /* RYJFoundViewController.m in Sources */ = {isa = PBXBuildFile; fileRef = 21DCA0311CD8C3F8008F16A4 /* RYJFoundViewController.m */; };
		21DCA0351CD8C416008F16A4 /* RYJCahtViewController.m in Sources */ = {isa = PBXBuildFile; fileRef = 21DCA0341CD8C416008F16A4 /* RYJCahtViewController.m */; };
		21DCA0381CD8C41F008F16A4 /* RYJAddressBookViewController.m in Sources */ = {isa = PBXBuildFile; fileRef = 21DCA0371CD8C41F008F16A4 /* RYJAddressBookViewController.m */; };
		21DCA03D1CD8C42C008F16A4 /* RYJBaseViewController.m in Sources */ = {isa = PBXBuildFile; fileRef = 21DCA03A1CD8C42C008F16A4 /* RYJBaseViewController.m */; };
		21DCA03E1CD8C42C008F16A4 /* RYJTabBarController.m in Sources */ = {isa = PBXBuildFile; fileRef = 21DCA03C1CD8C42C008F16A4 /* RYJTabBarController.m */; };
		21DCA0421CD8C770008F16A4 /* RYJMeViewController.m in Sources */ = {isa = PBXBuildFile; fileRef = 21DCA0411CD8C770008F16A4 /* RYJMeViewController.m */; };
		CE97035203C8374A71347A38 /* libPods.a in Frameworks */ = {isa = PBXBuildFile; fileRef = 9CBE487AF8B06F9C3C05C202 /* libPods.a */; };
/* End PBXBuildFile section */

/* Begin PBXContainerItemProxy section */
		21DC9FF41CD8C1F1008F16A4 /* PBXContainerItemProxy */ = {
			isa = PBXContainerItemProxy;
			containerPortal = 21DC9FD21CD8C1F1008F16A4 /* Project object */;
			proxyType = 1;
			remoteGlobalIDString = 21DC9FD91CD8C1F1008F16A4;
			remoteInfo = ChatJie;
		};
		21DC9FFF1CD8C1F1008F16A4 /* PBXContainerItemProxy */ = {
			isa = PBXContainerItemProxy;
			containerPortal = 21DC9FD21CD8C1F1008F16A4 /* Project object */;
			proxyType = 1;
			remoteGlobalIDString = 21DC9FD91CD8C1F1008F16A4;
			remoteInfo = ChatJie;
		};
/* End PBXContainerItemProxy section */

/* Begin PBXFileReference section */
		1940FC851CE0B63B0087A204 /* MBProgressHUD+XMG.h */ = {isa = PBXFileReference; fileEncoding = 4; lastKnownFileType = sourcecode.c.h; path = "MBProgressHUD+XMG.h"; sourceTree = "<group>"; };
		1940FC861CE0B63B0087A204 /* MBProgressHUD+XMG.m */ = {isa = PBXFileReference; fileEncoding = 4; lastKnownFileType = sourcecode.c.objc; path = "MBProgressHUD+XMG.m"; sourceTree = "<group>"; };
		1940FC871CE0B63B0087A204 /* MBProgressHUD.bundle */ = {isa = PBXFileReference; lastKnownFileType = "wrapper.plug-in"; path = MBProgressHUD.bundle; sourceTree = "<group>"; };
		1940FC881CE0B63B0087A204 /* MBProgressHUD.h */ = {isa = PBXFileReference; fileEncoding = 4; lastKnownFileType = sourcecode.c.h; path = MBProgressHUD.h; sourceTree = "<group>"; };
		1940FC891CE0B63B0087A204 /* MBProgressHUD.m */ = {isa = PBXFileReference; fileEncoding = 4; lastKnownFileType = sourcecode.c.objc; path = MBProgressHUD.m; sourceTree = "<group>"; };
		2142867C1CD98FBE00256529 /* RYJFriendModel.h */ = {isa = PBXFileReference; fileEncoding = 4; lastKnownFileType = sourcecode.c.h; path = RYJFriendModel.h; sourceTree = "<group>"; };
		2142867D1CD98FBE00256529 /* RYJFriendModel.m */ = {isa = PBXFileReference; fileEncoding = 4; lastKnownFileType = sourcecode.c.objc; path = RYJFriendModel.m; sourceTree = "<group>"; };
		2142867F1CD9CE6C00256529 /* ChatCell.h */ = {isa = PBXFileReference; fileEncoding = 4; lastKnownFileType = sourcecode.c.h; path = ChatCell.h; sourceTree = "<group>"; };
		214286801CD9CE6C00256529 /* ChatCell.m */ = {isa = PBXFileReference; fileEncoding = 4; lastKnownFileType = sourcecode.c.objc; path = ChatCell.m; sourceTree = "<group>"; };
		214286811CD9CE6C00256529 /* ChatCell.xib */ = {isa = PBXFileReference; fileEncoding = 4; lastKnownFileType = file.xib; path = ChatCell.xib; sourceTree = "<group>"; };
		214286841CD9D3A100256529 /* RYJChatModel.h */ = {isa = PBXFileReference; fileEncoding = 4; lastKnownFileType = sourcecode.c.h; path = RYJChatModel.h; sourceTree = "<group>"; };
		214286851CD9D3A100256529 /* RYJChatModel.m */ = {isa = PBXFileReference; fileEncoding = 4; lastKnownFileType = sourcecode.c.objc; path = RYJChatModel.m; sourceTree = "<group>"; };
		2142868C1CDC2DD500256529 /* QuanViewController.h */ = {isa = PBXFileReference; fileEncoding = 4; lastKnownFileType = sourcecode.c.h; path = QuanViewController.h; sourceTree = "<group>"; };
		2142868D1CDC2DD500256529 /* QuanViewController.m */ = {isa = PBXFileReference; fileEncoding = 4; lastKnownFileType = sourcecode.c.objc; path = QuanViewController.m; sourceTree = "<group>"; };
		2142868F1CDC2FF200256529 /* QuanModel.h */ = {isa = PBXFileReference; fileEncoding = 4; lastKnownFileType = sourcecode.c.h; path = QuanModel.h; sourceTree = "<group>"; };
		214286901CDC2FF200256529 /* QuanModel.m */ = {isa = PBXFileReference; fileEncoding = 4; lastKnownFileType = sourcecode.c.objc; path = QuanModel.m; sourceTree = "<group>"; };
		214286921CDC302900256529 /* RYJQuanCell.h */ = {isa = PBXFileReference; fileEncoding = 4; lastKnownFileType = sourcecode.c.h; path = RYJQuanCell.h; sourceTree = "<group>"; };
		214286931CDC302900256529 /* RYJQuanCell.m */ = {isa = PBXFileReference; fileEncoding = 4; lastKnownFileType = sourcecode.c.objc; path = RYJQuanCell.m; sourceTree = "<group>"; };
		214286941CDC302900256529 /* RYJQuanCell.xib */ = {isa = PBXFileReference; fileEncoding = 4; lastKnownFileType = file.xib; path = RYJQuanCell.xib; sourceTree = "<group>"; };
		214286971CDC3D6E00256529 /* RYJPersonViewController.h */ = {isa = PBXFileReference; fileEncoding = 4; lastKnownFileType = sourcecode.c.h; path = RYJPersonViewController.h; sourceTree = "<group>"; };
		214286981CDC3D6E00256529 /* RYJPersonViewController.m */ = {isa = PBXFileReference; fileEncoding = 4; lastKnownFileType = sourcecode.c.objc; path = RYJPersonViewController.m; sourceTree = "<group>"; };
		2142869A1CDC3D9B00256529 /* RYJChangDataViewController.h */ = {isa = PBXFileReference; fileEncoding = 4; lastKnownFileType = sourcecode.c.h; path = RYJChangDataViewController.h; sourceTree = "<group>"; };
		2142869B1CDC3D9B00256529 /* RYJChangDataViewController.m */ = {isa = PBXFileReference; fileEncoding = 4; lastKnownFileType = sourcecode.c.objc; path = RYJChangDataViewController.m; sourceTree = "<group>"; };
		2142869D1CDC3DBC00256529 /* RYJSettingViewController.h */ = {isa = PBXFileReference; fileEncoding = 4; lastKnownFileType = sourcecode.c.h; path = RYJSettingViewController.h; sourceTree = "<group>"; };
		2142869E1CDC3DBC00256529 /* RYJSettingViewController.m */ = {isa = PBXFileReference; fileEncoding = 4; lastKnownFileType = sourcecode.c.objc; path = RYJSettingViewController.m; sourceTree = "<group>"; };
		21A919CD1CDD8F81001B7A4B /* GlassView.h */ = {isa = PBXFileReference; fileEncoding = 4; lastKnownFileType = sourcecode.c.h; path = GlassView.h; sourceTree = "<group>"; };
		21A919CE1CDD8F81001B7A4B /* GlassView.m */ = {isa = PBXFileReference; fileEncoding = 4; lastKnownFileType = sourcecode.c.objc; path = GlassView.m; sourceTree = "<group>"; };
		21A919D21CDD945F001B7A4B /* Login.storyboard */ = {isa = PBXFileReference; fileEncoding = 4; lastKnownFileType = file.storyboard; path = Login.storyboard; sourceTree = "<group>"; };
		21A919D41CDDBB20001B7A4B /* PreViewController.h */ = {isa = PBXFileReference; fileEncoding = 4; lastKnownFileType = sourcecode.c.h; path = PreViewController.h; sourceTree = "<group>"; };
		21A919D51CDDBB20001B7A4B /* PreViewController.m */ = {isa = PBXFileReference; fileEncoding = 4; lastKnownFileType = sourcecode.c.objc; path = PreViewController.m; sourceTree = "<group>"; };
		21A919D71CDDBB2C001B7A4B /* LoginViewController.h */ = {isa = PBXFileReference; fileEncoding = 4; lastKnownFileType = sourcecode.c.h; path = LoginViewController.h; sourceTree = "<group>"; };
		21A919D81CDDBB2C001B7A4B /* LoginViewController.m */ = {isa = PBXFileReference; fileEncoding = 4; lastKnownFileType = sourcecode.c.objc; path = LoginViewController.m; sourceTree = "<group>"; };
		21A919DA1CDDBB3C001B7A4B /* RegisterViewController.h */ = {isa = PBXFileReference; fileEncoding = 4; lastKnownFileType = sourcecode.c.h; path = RegisterViewController.h; sourceTree = "<group>"; };
		21A919DB1CDDBB3C001B7A4B /* RegisterViewController.m */ = {isa = PBXFileReference; fileEncoding = 4; lastKnownFileType = sourcecode.c.objc; path = RegisterViewController.m; sourceTree = "<group>"; };
		21DC9FDA1CD8C1F1008F16A4 /* ChatJie.app */ = {isa = PBXFileReference; explicitFileType = wrapper.application; includeInIndex = 0; path = ChatJie.app; sourceTree = BUILT_PRODUCTS_DIR; };
		21DC9FDE1CD8C1F1008F16A4 /* main.m */ = {isa = PBXFileReference; lastKnownFileType = sourcecode.c.objc; path = main.m; sourceTree = "<group>"; };
		21DC9FE01CD8C1F1008F16A4 /* AppDelegate.h */ = {isa = PBXFileReference; lastKnownFileType = sourcecode.c.h; path = AppDelegate.h; sourceTree = "<group>"; };
		21DC9FE11CD8C1F1008F16A4 /* AppDelegate.m */ = {isa = PBXFileReference; lastKnownFileType = sourcecode.c.objc; path = AppDelegate.m; sourceTree = "<group>"; };
		21DC9FE91CD8C1F1008F16A4 /* Assets.xcassets */ = {isa = PBXFileReference; lastKnownFileType = folder.assetcatalog; path = Assets.xcassets; sourceTree = "<group>"; };
		21DC9FEE1CD8C1F1008F16A4 /* Info.plist */ = {isa = PBXFileReference; lastKnownFileType = text.plist.xml; path = Info.plist; sourceTree = "<group>"; };
		21DC9FF31CD8C1F1008F16A4 /* ChatJieTests.xctest */ = {isa = PBXFileReference; explicitFileType = wrapper.cfbundle; includeInIndex = 0; path = ChatJieTests.xctest; sourceTree = BUILT_PRODUCTS_DIR; };
		21DC9FF71CD8C1F1008F16A4 /* ChatJieTests.m */ = {isa = PBXFileReference; lastKnownFileType = sourcecode.c.objc; path = ChatJieTests.m; sourceTree = "<group>"; };
		21DC9FF91CD8C1F1008F16A4 /* Info.plist */ = {isa = PBXFileReference; lastKnownFileType = text.plist.xml; path = Info.plist; sourceTree = "<group>"; };
		21DC9FFE1CD8C1F1008F16A4 /* ChatJieUITests.xctest */ = {isa = PBXFileReference; explicitFileType = wrapper.cfbundle; includeInIndex = 0; path = ChatJieUITests.xctest; sourceTree = BUILT_PRODUCTS_DIR; };
		21DCA0021CD8C1F1008F16A4 /* ChatJieUITests.m */ = {isa = PBXFileReference; lastKnownFileType = sourcecode.c.objc; path = ChatJieUITests.m; sourceTree = "<group>"; };
		21DCA0041CD8C1F1008F16A4 /* Info.plist */ = {isa = PBXFileReference; lastKnownFileType = text.plist.xml; path = Info.plist; sourceTree = "<group>"; };
		21DCA0251CD8C3C1008F16A4 /* NSString+PinYin.h */ = {isa = PBXFileReference; fileEncoding = 4; lastKnownFileType = sourcecode.c.h; path = "NSString+PinYin.h"; sourceTree = "<group>"; };
		21DCA0261CD8C3C1008F16A4 /* NSString+PinYin.m */ = {isa = PBXFileReference; fileEncoding = 4; lastKnownFileType = sourcecode.c.objc; path = "NSString+PinYin.m"; sourceTree = "<group>"; };
		21DCA0291CD8C3E0008F16A4 /* RYJPersonModel.h */ = {isa = PBXFileReference; fileEncoding = 4; lastKnownFileType = sourcecode.c.h; path = RYJPersonModel.h; sourceTree = "<group>"; };
		21DCA02A1CD8C3E0008F16A4 /* RYJPersonModel.m */ = {isa = PBXFileReference; fileEncoding = 4; lastKnownFileType = sourcecode.c.objc; path = RYJPersonModel.m; sourceTree = "<group>"; };
		21DCA02C1CD8C3E6008F16A4 /* RYJPersonCell.h */ = {isa = PBXFileReference; fileEncoding = 4; lastKnownFileType = sourcecode.c.h; path = RYJPersonCell.h; sourceTree = "<group>"; };
		21DCA02D1CD8C3E6008F16A4 /* RYJPersonCell.m */ = {isa = PBXFileReference; fileEncoding = 4; lastKnownFileType = sourcecode.c.objc; path = RYJPersonCell.m; sourceTree = "<group>"; };
		21DCA02F1CD8C3EB008F16A4 /* RYJMeViewController.h */ = {isa = PBXFileReference; lastKnownFileType = sourcecode.c.h; path = RYJMeViewController.h; sourceTree = "<group>"; };
		21DCA0301CD8C3F8008F16A4 /* RYJFoundViewController.h */ = {isa = PBXFileReference; fileEncoding = 4; lastKnownFileType = sourcecode.c.h; path = RYJFoundViewController.h; sourceTree = "<group>"; };
		21DCA0311CD8C3F8008F16A4 /* RYJFoundViewController.m */ = {isa = PBXFileReference; fileEncoding = 4; lastKnownFileType = sourcecode.c.objc; path = RYJFoundViewController.m; sourceTree = "<group>"; };
		21DCA0331CD8C40F008F16A4 /* RYJCahtViewController.h */ = {isa = PBXFileReference; lastKnownFileType = sourcecode.c.h; path = RYJCahtViewController.h; sourceTree = "<group>"; };
		21DCA0341CD8C416008F16A4 /* RYJCahtViewController.m */ = {isa = PBXFileReference; fileEncoding = 4; lastKnownFileType = sourcecode.c.objc; path = RYJCahtViewController.m; sourceTree = "<group>"; };
		21DCA0361CD8C41F008F16A4 /* RYJAddressBookViewController.h */ = {isa = PBXFileReference; fileEncoding = 4; lastKnownFileType = sourcecode.c.h; path = RYJAddressBookViewController.h; sourceTree = "<group>"; };
		21DCA0371CD8C41F008F16A4 /* RYJAddressBookViewController.m */ = {isa = PBXFileReference; fileEncoding = 4; lastKnownFileType = sourcecode.c.objc; path = RYJAddressBookViewController.m; sourceTree = "<group>"; };
		21DCA0391CD8C42C008F16A4 /* RYJBaseViewController.h */ = {isa = PBXFileReference; fileEncoding = 4; lastKnownFileType = sourcecode.c.h; path = RYJBaseViewController.h; sourceTree = "<group>"; };
		21DCA03A1CD8C42C008F16A4 /* RYJBaseViewController.m */ = {isa = PBXFileReference; fileEncoding = 4; lastKnownFileType = sourcecode.c.objc; path = RYJBaseViewController.m; sourceTree = "<group>"; };
		21DCA03B1CD8C42C008F16A4 /* RYJTabBarController.h */ = {isa = PBXFileReference; fileEncoding = 4; lastKnownFileType = sourcecode.c.h; path = RYJTabBarController.h; sourceTree = "<group>"; };
		21DCA03C1CD8C42C008F16A4 /* RYJTabBarController.m */ = {isa = PBXFileReference; fileEncoding = 4; lastKnownFileType = sourcecode.c.objc; path = RYJTabBarController.m; sourceTree = "<group>"; };
		21DCA0401CD8C516008F16A4 /* pchFile.pch */ = {isa = PBXFileReference; lastKnownFileType = sourcecode.c.h; path = pchFile.pch; sourceTree = "<group>"; };
		21DCA0411CD8C770008F16A4 /* RYJMeViewController.m */ = {isa = PBXFileReference; fileEncoding = 4; lastKnownFileType = sourcecode.c.objc; path = RYJMeViewController.m; sourceTree = "<group>"; };
		8D1B056425F41A782287F007 /* Pods.release.xcconfig */ = {isa = PBXFileReference; includeInIndex = 1; lastKnownFileType = text.xcconfig; name = Pods.release.xcconfig; path = "Pods/Target Support Files/Pods/Pods.release.xcconfig"; sourceTree = "<group>"; };
		9CBE487AF8B06F9C3C05C202 /* libPods.a */ = {isa = PBXFileReference; explicitFileType = archive.ar; includeInIndex = 0; path = libPods.a; sourceTree = BUILT_PRODUCTS_DIR; };
		DADD57076C08F2E4D47E7C73 /* Pods.debug.xcconfig */ = {isa = PBXFileReference; includeInIndex = 1; lastKnownFileType = text.xcconfig; name = Pods.debug.xcconfig; path = "Pods/Target Support Files/Pods/Pods.debug.xcconfig"; sourceTree = "<group>"; };
/* End PBXFileReference section */

/* Begin PBXFrameworksBuildPhase section */
		21DC9FD71CD8C1F1008F16A4 /* Frameworks */ = {
			isa = PBXFrameworksBuildPhase;
			buildActionMask = 2147483647;
			files = (
				CE97035203C8374A71347A38 /* libPods.a in Frameworks */,
			);
			runOnlyForDeploymentPostprocessing = 0;
		};
		21DC9FF01CD8C1F1008F16A4 /* Frameworks */ = {
			isa = PBXFrameworksBuildPhase;
			buildActionMask = 2147483647;
			files = (
			);
			runOnlyForDeploymentPostprocessing = 0;
		};
		21DC9FFB1CD8C1F1008F16A4 /* Frameworks */ = {
			isa = PBXFrameworksBuildPhase;
			buildActionMask = 2147483647;
			files = (
			);
			runOnlyForDeploymentPostprocessing = 0;
		};
/* End PBXFrameworksBuildPhase section */

/* Begin PBXGroup section */
		1940FC831CE0A5A80087A204 /* Classes */ = {
			isa = PBXGroup;
			children = (
				21DCA0151CD8C307008F16A4 /* Tool */,
				21DCA0141CD8C2FD008F16A4 /* Main */,
				214286871CD9DC6A00256529 /* Login */,
				21DCA0121CD8C2E4008F16A4 /* Chat */,
				21DCA0131CD8C2EB008F16A4 /* AddressBook */,
				21DCA0111CD8C2D5008F16A4 /* Found */,
				21DCA0101CD8C2CE008F16A4 /* Me */,
				2142868B1CD9DCB800256529 /* Other */,
			);
			name = Classes;
			sourceTree = "<group>";
		};
		1940FC841CE0B63B0087A204 /* MBProgressHUDs */ = {
			isa = PBXGroup;
			children = (
				1940FC851CE0B63B0087A204 /* MBProgressHUD+XMG.h */,
				1940FC861CE0B63B0087A204 /* MBProgressHUD+XMG.m */,
				1940FC871CE0B63B0087A204 /* MBProgressHUD.bundle */,
				1940FC881CE0B63B0087A204 /* MBProgressHUD.h */,
				1940FC891CE0B63B0087A204 /* MBProgressHUD.m */,
			);
			path = MBProgressHUDs;
			sourceTree = "<group>";
		};
		214286871CD9DC6A00256529 /* Login */ = {
			isa = PBXGroup;
			children = (
				2142868A1CD9DC9700256529 /* Controller */,
				214286891CD9DC9100256529 /* View */,
				214286881CD9DC8400256529 /* Model */,
			);
			name = Login;
			sourceTree = "<group>";
		};
		214286881CD9DC8400256529 /* Model */ = {
			isa = PBXGroup;
			children = (
			);
			name = Model;
			sourceTree = "<group>";
		};
		214286891CD9DC9100256529 /* View */ = {
			isa = PBXGroup;
			children = (
			);
			name = View;
			sourceTree = "<group>";
		};
		2142868A1CD9DC9700256529 /* Controller */ = {
			isa = PBXGroup;
			children = (
				21A919D21CDD945F001B7A4B /* Login.storyboard */,
				21A919D41CDDBB20001B7A4B /* PreViewController.h */,
				21A919D51CDDBB20001B7A4B /* PreViewController.m */,
				21A919D71CDDBB2C001B7A4B /* LoginViewController.h */,
				21A919D81CDDBB2C001B7A4B /* LoginViewController.m */,
				21A919DA1CDDBB3C001B7A4B /* RegisterViewController.h */,
				21A919DB1CDDBB3C001B7A4B /* RegisterViewController.m */,
			);
			name = Controller;
			sourceTree = "<group>";
		};
		2142868B1CD9DCB800256529 /* Other */ = {
			isa = PBXGroup;
			children = (
				21DCA0401CD8C516008F16A4 /* pchFile.pch */,
				21DC9FE01CD8C1F1008F16A4 /* AppDelegate.h */,
				21DC9FE11CD8C1F1008F16A4 /* AppDelegate.m */,
			);
			name = Other;
			sourceTree = "<group>";
		};
		21DC9FD11CD8C1F1008F16A4 = {
			isa = PBXGroup;
			children = (
				21DC9FDC1CD8C1F1008F16A4 /* ChatJie */,
				21DC9FF61CD8C1F1008F16A4 /* ChatJieTests */,
				21DCA0011CD8C1F1008F16A4 /* ChatJieUITests */,
				21DC9FDB1CD8C1F1008F16A4 /* Products */,
				3F4A2CDBBFB6B46B2228C5EE /* Pods */,
				66266CEF94FCD440EF6F5C08 /* Frameworks */,
			);
			sourceTree = "<group>";
			tabWidth = 4;
		};
		21DC9FDB1CD8C1F1008F16A4 /* Products */ = {
			isa = PBXGroup;
			children = (
				21DC9FDA1CD8C1F1008F16A4 /* ChatJie.app */,
				21DC9FF31CD8C1F1008F16A4 /* ChatJieTests.xctest */,
				21DC9FFE1CD8C1F1008F16A4 /* ChatJieUITests.xctest */,
			);
			name = Products;
			sourceTree = "<group>";
		};
		21DC9FDC1CD8C1F1008F16A4 /* ChatJie */ = {
			isa = PBXGroup;
			children = (
				1940FC831CE0A5A80087A204 /* Classes */,
				21DC9FDD1CD8C1F1008F16A4 /* Supporting Files */,
			);
			path = ChatJie;
			sourceTree = "<group>";
		};
		21DC9FDD1CD8C1F1008F16A4 /* Supporting Files */ = {
			isa = PBXGroup;
			children = (
				1940FC841CE0B63B0087A204 /* MBProgressHUDs */,
				21DC9FE91CD8C1F1008F16A4 /* Assets.xcassets */,
				21DC9FEE1CD8C1F1008F16A4 /* Info.plist */,
				21DC9FDE1CD8C1F1008F16A4 /* main.m */,
			);
			name = "Supporting Files";
			sourceTree = "<group>";
		};
		21DC9FF61CD8C1F1008F16A4 /* ChatJieTests */ = {
			isa = PBXGroup;
			children = (
				21DC9FF71CD8C1F1008F16A4 /* ChatJieTests.m */,
				21DC9FF91CD8C1F1008F16A4 /* Info.plist */,
			);
			path = ChatJieTests;
			sourceTree = "<group>";
		};
		21DCA0011CD8C1F1008F16A4 /* ChatJieUITests */ = {
			isa = PBXGroup;
			children = (
				21DCA0021CD8C1F1008F16A4 /* ChatJieUITests.m */,
				21DCA0041CD8C1F1008F16A4 /* Info.plist */,
			);
			path = ChatJieUITests;
			sourceTree = "<group>";
		};
		21DCA0101CD8C2CE008F16A4 /* Me */ = {
			isa = PBXGroup;
			children = (
				21DCA0181CD8C32E008F16A4 /* Controller */,
				21DCA0171CD8C328008F16A4 /* View */,
				21DCA0161CD8C31F008F16A4 /* Model */,
			);
			name = Me;
			sourceTree = "<group>";
		};
		21DCA0111CD8C2D5008F16A4 /* Found */ = {
			isa = PBXGroup;
			children = (
				21DCA01B1CD8C348008F16A4 /* Controller */,
				21DCA01A1CD8C342008F16A4 /* View */,
				21DCA0191CD8C33D008F16A4 /* Model */,
			);
			name = Found;
			sourceTree = "<group>";
		};
		21DCA0121CD8C2E4008F16A4 /* Chat */ = {
			isa = PBXGroup;
			children = (
				21DCA01E1CD8C35F008F16A4 /* Controller */,
				21DCA01D1CD8C359008F16A4 /* View */,
				21DCA01C1CD8C353008F16A4 /* Model */,
			);
			name = Chat;
			sourceTree = "<group>";
		};
		21DCA0131CD8C2EB008F16A4 /* AddressBook */ = {
			isa = PBXGroup;
			children = (
				21DCA0211CD8C37B008F16A4 /* Controller */,
				21DCA0201CD8C36F008F16A4 /* View */,
				21DCA01F1CD8C368008F16A4 /* Model */,
			);
			name = AddressBook;
			sourceTree = "<group>";
		};
		21DCA0141CD8C2FD008F16A4 /* Main */ = {
			isa = PBXGroup;
			children = (
				21DCA0391CD8C42C008F16A4 /* RYJBaseViewController.h */,
				21DCA03A1CD8C42C008F16A4 /* RYJBaseViewController.m */,
				21DCA03B1CD8C42C008F16A4 /* RYJTabBarController.h */,
				21DCA03C1CD8C42C008F16A4 /* RYJTabBarController.m */,
			);
			name = Main;
			sourceTree = "<group>";
		};
		21DCA0151CD8C307008F16A4 /* Tool */ = {
			isa = PBXGroup;
			children = (
				21A919CD1CDD8F81001B7A4B /* GlassView.h */,
				21A919CE1CDD8F81001B7A4B /* GlassView.m */,
				21DCA0281CD8C3C6008F16A4 /* NSString+PinYin */,
			);
			name = Tool;
			sourceTree = "<group>";
		};
		21DCA0161CD8C31F008F16A4 /* Model */ = {
			isa = PBXGroup;
			children = (
				21DCA0291CD8C3E0008F16A4 /* RYJPersonModel.h */,
				21DCA02A1CD8C3E0008F16A4 /* RYJPersonModel.m */,
			);
			name = Model;
			sourceTree = "<group>";
		};
		21DCA0171CD8C328008F16A4 /* View */ = {
			isa = PBXGroup;
			children = (
				21DCA02C1CD8C3E6008F16A4 /* RYJPersonCell.h */,
				21DCA02D1CD8C3E6008F16A4 /* RYJPersonCell.m */,
			);
			name = View;
			sourceTree = "<group>";
		};
		21DCA0181CD8C32E008F16A4 /* Controller */ = {
			isa = PBXGroup;
			children = (
				21DCA02F1CD8C3EB008F16A4 /* RYJMeViewController.h */,
				21DCA0411CD8C770008F16A4 /* RYJMeViewController.m */,
				214286971CDC3D6E00256529 /* RYJPersonViewController.h */,
				214286981CDC3D6E00256529 /* RYJPersonViewController.m */,
				2142869A1CDC3D9B00256529 /* RYJChangDataViewController.h */,
				2142869B1CDC3D9B00256529 /* RYJChangDataViewController.m */,
				2142869D1CDC3DBC00256529 /* RYJSettingViewController.h */,
				2142869E1CDC3DBC00256529 /* RYJSettingViewController.m */,
			);
			name = Controller;
			sourceTree = "<group>";
		};
		21DCA0191CD8C33D008F16A4 /* Model */ = {
			isa = PBXGroup;
			children = (
				2142868F1CDC2FF200256529 /* QuanModel.h */,
				214286901CDC2FF200256529 /* QuanModel.m */,
			);
			name = Model;
			sourceTree = "<group>";
		};
		21DCA01A1CD8C342008F16A4 /* View */ = {
			isa = PBXGroup;
			children = (
				214286921CDC302900256529 /* RYJQuanCell.h */,
				214286931CDC302900256529 /* RYJQuanCell.m */,
				214286941CDC302900256529 /* RYJQuanCell.xib */,
			);
			name = View;
			sourceTree = "<group>";
		};
		21DCA01B1CD8C348008F16A4 /* Controller */ = {
			isa = PBXGroup;
			children = (
				21DCA0301CD8C3F8008F16A4 /* RYJFoundViewController.h */,
				21DCA0311CD8C3F8008F16A4 /* RYJFoundViewController.m */,
				2142868C1CDC2DD500256529 /* QuanViewController.h */,
				2142868D1CDC2DD500256529 /* QuanViewController.m */,
			);
			name = Controller;
			sourceTree = "<group>";
		};
		21DCA01C1CD8C353008F16A4 /* Model */ = {
			isa = PBXGroup;
			children = (
				214286841CD9D3A100256529 /* RYJChatModel.h */,
				214286851CD9D3A100256529 /* RYJChatModel.m */,
			);
			name = Model;
			sourceTree = "<group>";
		};
		21DCA01D1CD8C359008F16A4 /* View */ = {
			isa = PBXGroup;
			children = (
				2142867F1CD9CE6C00256529 /* ChatCell.h */,
				214286801CD9CE6C00256529 /* ChatCell.m */,
				214286811CD9CE6C00256529 /* ChatCell.xib */,
			);
			name = View;
			sourceTree = "<group>";
		};
		21DCA01E1CD8C35F008F16A4 /* Controller */ = {
			isa = PBXGroup;
			children = (
				21DCA0331CD8C40F008F16A4 /* RYJCahtViewController.h */,
				21DCA0341CD8C416008F16A4 /* RYJCahtViewController.m */,
			);
			name = Controller;
			sourceTree = "<group>";
		};
		21DCA01F1CD8C368008F16A4 /* Model */ = {
			isa = PBXGroup;
			children = (
				2142867C1CD98FBE00256529 /* RYJFriendModel.h */,
				2142867D1CD98FBE00256529 /* RYJFriendModel.m */,
			);
			name = Model;
			sourceTree = "<group>";
		};
		21DCA0201CD8C36F008F16A4 /* View */ = {
			isa = PBXGroup;
			children = (
			);
			name = View;
			sourceTree = "<group>";
		};
		21DCA0211CD8C37B008F16A4 /* Controller */ = {
			isa = PBXGroup;
			children = (
				21DCA0361CD8C41F008F16A4 /* RYJAddressBookViewController.h */,
				21DCA0371CD8C41F008F16A4 /* RYJAddressBookViewController.m */,
			);
			name = Controller;
			sourceTree = "<group>";
		};
		21DCA0281CD8C3C6008F16A4 /* NSString+PinYin */ = {
			isa = PBXGroup;
			children = (
				21DCA0251CD8C3C1008F16A4 /* NSString+PinYin.h */,
				21DCA0261CD8C3C1008F16A4 /* NSString+PinYin.m */,
			);
			name = "NSString+PinYin";
			sourceTree = "<group>";
		};
		3F4A2CDBBFB6B46B2228C5EE /* Pods */ = {
			isa = PBXGroup;
			children = (
				DADD57076C08F2E4D47E7C73 /* Pods.debug.xcconfig */,
				8D1B056425F41A782287F007 /* Pods.release.xcconfig */,
			);
			name = Pods;
			sourceTree = "<group>";
		};
		66266CEF94FCD440EF6F5C08 /* Frameworks */ = {
			isa = PBXGroup;
			children = (
				9CBE487AF8B06F9C3C05C202 /* libPods.a */,
			);
			name = Frameworks;
			sourceTree = "<group>";
		};
/* End PBXGroup section */

/* Begin PBXNativeTarget section */
		21DC9FD91CD8C1F1008F16A4 /* ChatJie */ = {
			isa = PBXNativeTarget;
			buildConfigurationList = 21DCA0071CD8C1F1008F16A4 /* Build configuration list for PBXNativeTarget "ChatJie" */;
			buildPhases = (
				4CA9CF9220DEB162C66F3262 /* Check Pods Manifest.lock */,
				21DC9FD61CD8C1F1008F16A4 /* Sources */,
				21DC9FD71CD8C1F1008F16A4 /* Frameworks */,
				21DC9FD81CD8C1F1008F16A4 /* Resources */,
				E08D2BE5A270283071C79928 /* Embed Pods Frameworks */,
				540B2E04416B8E410494504F /* Copy Pods Resources */,
			);
			buildRules = (
			);
			dependencies = (
			);
			name = ChatJie;
			productName = ChatJie;
			productReference = 21DC9FDA1CD8C1F1008F16A4 /* ChatJie.app */;
			productType = "com.apple.product-type.application";
		};
		21DC9FF21CD8C1F1008F16A4 /* ChatJieTests */ = {
			isa = PBXNativeTarget;
			buildConfigurationList = 21DCA00A1CD8C1F1008F16A4 /* Build configuration list for PBXNativeTarget "ChatJieTests" */;
			buildPhases = (
				21DC9FEF1CD8C1F1008F16A4 /* Sources */,
				21DC9FF01CD8C1F1008F16A4 /* Frameworks */,
				21DC9FF11CD8C1F1008F16A4 /* Resources */,
			);
			buildRules = (
			);
			dependencies = (
				21DC9FF51CD8C1F1008F16A4 /* PBXTargetDependency */,
			);
			name = ChatJieTests;
			productName = ChatJieTests;
			productReference = 21DC9FF31CD8C1F1008F16A4 /* ChatJieTests.xctest */;
			productType = "com.apple.product-type.bundle.unit-test";
		};
		21DC9FFD1CD8C1F1008F16A4 /* ChatJieUITests */ = {
			isa = PBXNativeTarget;
			buildConfigurationList = 21DCA00D1CD8C1F1008F16A4 /* Build configuration list for PBXNativeTarget "ChatJieUITests" */;
			buildPhases = (
				21DC9FFA1CD8C1F1008F16A4 /* Sources */,
				21DC9FFB1CD8C1F1008F16A4 /* Frameworks */,
				21DC9FFC1CD8C1F1008F16A4 /* Resources */,
			);
			buildRules = (
			);
			dependencies = (
				21DCA0001CD8C1F1008F16A4 /* PBXTargetDependency */,
			);
			name = ChatJieUITests;
			productName = ChatJieUITests;
			productReference = 21DC9FFE1CD8C1F1008F16A4 /* ChatJieUITests.xctest */;
			productType = "com.apple.product-type.bundle.ui-testing";
		};
/* End PBXNativeTarget section */

/* Begin PBXProject section */
		21DC9FD21CD8C1F1008F16A4 /* Project object */ = {
			isa = PBXProject;
			attributes = {
				CLASSPREFIX = RYJ;
				LastUpgradeCheck = 0710;
				ORGANIZATIONNAME = renyijie;
				TargetAttributes = {
					21DC9FD91CD8C1F1008F16A4 = {
						CreatedOnToolsVersion = 7.1.1;
						DevelopmentTeam = F4EJCBMMZY;
					};
					21DC9FF21CD8C1F1008F16A4 = {
						CreatedOnToolsVersion = 7.1.1;
						DevelopmentTeam = F4EJCBMMZY;
						TestTargetID = 21DC9FD91CD8C1F1008F16A4;
					};
					21DC9FFD1CD8C1F1008F16A4 = {
						CreatedOnToolsVersion = 7.1.1;
						DevelopmentTeam = F4EJCBMMZY;
						TestTargetID = 21DC9FD91CD8C1F1008F16A4;
					};
				};
			};
			buildConfigurationList = 21DC9FD51CD8C1F1008F16A4 /* Build configuration list for PBXProject "ChatJie" */;
			compatibilityVersion = "Xcode 3.2";
			developmentRegion = English;
			hasScannedForEncodings = 0;
			knownRegions = (
				en,
				Base,
			);
			mainGroup = 21DC9FD11CD8C1F1008F16A4;
			productRefGroup = 21DC9FDB1CD8C1F1008F16A4 /* Products */;
			projectDirPath = "";
			projectRoot = "";
			targets = (
				21DC9FD91CD8C1F1008F16A4 /* ChatJie */,
				21DC9FF21CD8C1F1008F16A4 /* ChatJieTests */,
				21DC9FFD1CD8C1F1008F16A4 /* ChatJieUITests */,
			);
		};
/* End PBXProject section */

/* Begin PBXResourcesBuildPhase section */
		21DC9FD81CD8C1F1008F16A4 /* Resources */ = {
			isa = PBXResourcesBuildPhase;
			buildActionMask = 2147483647;
			files = (
				214286961CDC302900256529 /* RYJQuanCell.xib in Resources */,
				21A919D31CDD945F001B7A4B /* Login.storyboard in Resources */,
				1940FC8B1CE0B63B0087A204 /* MBProgressHUD.bundle in Resources */,
				214286831CD9CE6C00256529 /* ChatCell.xib in Resources */,
				21DC9FEA1CD8C1F1008F16A4 /* Assets.xcassets in Resources */,
			);
			runOnlyForDeploymentPostprocessing = 0;
		};
		21DC9FF11CD8C1F1008F16A4 /* Resources */ = {
			isa = PBXResourcesBuildPhase;
			buildActionMask = 2147483647;
			files = (
			);
			runOnlyForDeploymentPostprocessing = 0;
		};
		21DC9FFC1CD8C1F1008F16A4 /* Resources */ = {
			isa = PBXResourcesBuildPhase;
			buildActionMask = 2147483647;
			files = (
			);
			runOnlyForDeploymentPostprocessing = 0;
		};
/* End PBXResourcesBuildPhase section */

/* Begin PBXShellScriptBuildPhase section */
		4CA9CF9220DEB162C66F3262 /* Check Pods Manifest.lock */ = {
			isa = PBXShellScriptBuildPhase;
			buildActionMask = 2147483647;
			files = (
			);
			inputPaths = (
			);
			name = "Check Pods Manifest.lock";
			outputPaths = (
			);
			runOnlyForDeploymentPostprocessing = 0;
			shellPath = /bin/sh;
			shellScript = "diff \"${PODS_ROOT}/../Podfile.lock\" \"${PODS_ROOT}/Manifest.lock\" > /dev/null\nif [[ $? != 0 ]] ; then\n    cat << EOM\nerror: The sandbox is not in sync with the Podfile.lock. Run 'pod install' or update your CocoaPods installation.\nEOM\n    exit 1\nfi\n";
			showEnvVarsInLog = 0;
		};
		540B2E04416B8E410494504F /* Copy Pods Resources */ = {
			isa = PBXShellScriptBuildPhase;
			buildActionMask = 2147483647;
			files = (
			);
			inputPaths = (
			);
			name = "Copy Pods Resources";
			outputPaths = (
			);
			runOnlyForDeploymentPostprocessing = 0;
			shellPath = /bin/sh;
			shellScript = "\"${SRCROOT}/Pods/Target Support Files/Pods/Pods-resources.sh\"\n";
			showEnvVarsInLog = 0;
		};
		E08D2BE5A270283071C79928 /* Embed Pods Frameworks */ = {
			isa = PBXShellScriptBuildPhase;
			buildActionMask = 2147483647;
			files = (
			);
			inputPaths = (
			);
			name = "Embed Pods Frameworks";
			outputPaths = (
			);
			runOnlyForDeploymentPostprocessing = 0;
			shellPath = /bin/sh;
			shellScript = "\"${SRCROOT}/Pods/Target Support Files/Pods/Pods-frameworks.sh\"\n";
			showEnvVarsInLog = 0;
		};
/* End PBXShellScriptBuildPhase section */

/* Begin PBXSourcesBuildPhase section */
		21DC9FD61CD8C1F1008F16A4 /* Sources */ = {
			isa = PBXSourcesBuildPhase;
			buildActionMask = 2147483647;
			files = (
				21DCA03E1CD8C42C008F16A4 /* RYJTabBarController.m in Sources */,
				21A919D91CDDBB2C001B7A4B /* LoginViewController.m in Sources */,
				214286821CD9CE6C00256529 /* ChatCell.m in Sources */,
				21A919CF1CDD8F81001B7A4B /* GlassView.m in Sources */,
				214286951CDC302900256529 /* RYJQuanCell.m in Sources */,
				2142869C1CDC3D9B00256529 /* RYJChangDataViewController.m in Sources */,
				21DCA0321CD8C3F8008F16A4 /* RYJFoundViewController.m in Sources */,
				21A919DC1CDDBB3C001B7A4B /* RegisterViewController.m in Sources */,
				21DCA0421CD8C770008F16A4 /* RYJMeViewController.m in Sources */,
				1940FC8C1CE0B63B0087A204 /* MBProgressHUD.m in Sources */,
				21DCA0381CD8C41F008F16A4 /* RYJAddressBookViewController.m in Sources */,
				21A919D61CDDBB20001B7A4B /* PreViewController.m in Sources */,
				2142869F1CDC3DBC00256529 /* RYJSettingViewController.m in Sources */,
				21DCA02E1CD8C3E6008F16A4 /* RYJPersonCell.m in Sources */,
				2142867E1CD98FBE00256529 /* RYJFriendModel.m in Sources */,
				214286861CD9D3A100256529 /* RYJChatModel.m in Sources */,
				21DCA03D1CD8C42C008F16A4 /* RYJBaseViewController.m in Sources */,
				21DC9FE21CD8C1F1008F16A4 /* AppDelegate.m in Sources */,
				214286991CDC3D6E00256529 /* RYJPersonViewController.m in Sources */,
				21DCA02B1CD8C3E0008F16A4 /* RYJPersonModel.m in Sources */,
				1940FC8A1CE0B63B0087A204 /* MBProgressHUD+XMG.m in Sources */,
				21DCA0271CD8C3C1008F16A4 /* NSString+PinYin.m in Sources */,
				214286911CDC2FF200256529 /* QuanModel.m in Sources */,
				21DCA0351CD8C416008F16A4 /* RYJCahtViewController.m in Sources */,
				21DC9FDF1CD8C1F1008F16A4 /* main.m in Sources */,
				2142868E1CDC2DD500256529 /* QuanViewController.m in Sources */,
			);
			runOnlyForDeploymentPostprocessing = 0;
		};
		21DC9FEF1CD8C1F1008F16A4 /* Sources */ = {
			isa = PBXSourcesBuildPhase;
			buildActionMask = 2147483647;
			files = (
				21DC9FF81CD8C1F1008F16A4 /* ChatJieTests.m in Sources */,
			);
			runOnlyForDeploymentPostprocessing = 0;
		};
		21DC9FFA1CD8C1F1008F16A4 /* Sources */ = {
			isa = PBXSourcesBuildPhase;
			buildActionMask = 2147483647;
			files = (
				21DCA0031CD8C1F1008F16A4 /* ChatJieUITests.m in Sources */,
			);
			runOnlyForDeploymentPostprocessing = 0;
		};
/* End PBXSourcesBuildPhase section */

/* Begin PBXTargetDependency section */
		21DC9FF51CD8C1F1008F16A4 /* PBXTargetDependency */ = {
			isa = PBXTargetDependency;
			target = 21DC9FD91CD8C1F1008F16A4 /* ChatJie */;
			targetProxy = 21DC9FF41CD8C1F1008F16A4 /* PBXContainerItemProxy */;
		};
		21DCA0001CD8C1F1008F16A4 /* PBXTargetDependency */ = {
			isa = PBXTargetDependency;
			target = 21DC9FD91CD8C1F1008F16A4 /* ChatJie */;
			targetProxy = 21DC9FFF1CD8C1F1008F16A4 /* PBXContainerItemProxy */;
		};
/* End PBXTargetDependency section */

/* Begin XCBuildConfiguration section */
		21DCA0051CD8C1F1008F16A4 /* Debug */ = {
			isa = XCBuildConfiguration;
			buildSettings = {
				ALWAYS_SEARCH_USER_PATHS = NO;
				CLANG_CXX_LANGUAGE_STANDARD = "gnu++0x";
				CLANG_CXX_LIBRARY = "libc++";
				CLANG_ENABLE_MODULES = YES;
				CLANG_ENABLE_OBJC_ARC = YES;
				CLANG_WARN_BOOL_CONVERSION = YES;
				CLANG_WARN_CONSTANT_CONVERSION = YES;
				CLANG_WARN_DIRECT_OBJC_ISA_USAGE = YES_ERROR;
				CLANG_WARN_EMPTY_BODY = YES;
				CLANG_WARN_ENUM_CONVERSION = YES;
				CLANG_WARN_INT_CONVERSION = YES;
				CLANG_WARN_OBJC_ROOT_CLASS = YES_ERROR;
				CLANG_WARN_UNREACHABLE_CODE = YES;
				CLANG_WARN__DUPLICATE_METHOD_MATCH = YES;
				"CODE_SIGN_IDENTITY[sdk=iphoneos*]" = "iPhone Developer";
				COPY_PHASE_STRIP = NO;
				DEBUG_INFORMATION_FORMAT = dwarf;
				ENABLE_STRICT_OBJC_MSGSEND = YES;
				ENABLE_TESTABILITY = YES;
				GCC_C_LANGUAGE_STANDARD = gnu99;
				GCC_DYNAMIC_NO_PIC = NO;
				GCC_NO_COMMON_BLOCKS = YES;
				GCC_OPTIMIZATION_LEVEL = 0;
				GCC_PREPROCESSOR_DEFINITIONS = (
					"DEBUG=1",
					"$(inherited)",
				);
				GCC_WARN_64_TO_32_BIT_CONVERSION = YES;
				GCC_WARN_ABOUT_RETURN_TYPE = YES_ERROR;
				GCC_WARN_UNDECLARED_SELECTOR = YES;
				GCC_WARN_UNINITIALIZED_AUTOS = YES_AGGRESSIVE;
				GCC_WARN_UNUSED_FUNCTION = YES;
				GCC_WARN_UNUSED_VARIABLE = YES;
				IPHONEOS_DEPLOYMENT_TARGET = 9.1;
				MTL_ENABLE_DEBUG_INFO = YES;
				ONLY_ACTIVE_ARCH = YES;
				SDKROOT = iphoneos;
				TARGETED_DEVICE_FAMILY = "1,2";
			};
			name = Debug;
		};
		21DCA0061CD8C1F1008F16A4 /* Release */ = {
			isa = XCBuildConfiguration;
			buildSettings = {
				ALWAYS_SEARCH_USER_PATHS = NO;
				CLANG_CXX_LANGUAGE_STANDARD = "gnu++0x";
				CLANG_CXX_LIBRARY = "libc++";
				CLANG_ENABLE_MODULES = YES;
				CLANG_ENABLE_OBJC_ARC = YES;
				CLANG_WARN_BOOL_CONVERSION = YES;
				CLANG_WARN_CONSTANT_CONVERSION = YES;
				CLANG_WARN_DIRECT_OBJC_ISA_USAGE = YES_ERROR;
				CLANG_WARN_EMPTY_BODY = YES;
				CLANG_WARN_ENUM_CONVERSION = YES;
				CLANG_WARN_INT_CONVERSION = YES;
				CLANG_WARN_OBJC_ROOT_CLASS = YES_ERROR;
				CLANG_WARN_UNREACHABLE_CODE = YES;
				CLANG_WARN__DUPLICATE_METHOD_MATCH = YES;
				"CODE_SIGN_IDENTITY[sdk=iphoneos*]" = "iPhone Developer";
				COPY_PHASE_STRIP = NO;
				DEBUG_INFORMATION_FORMAT = "dwarf-with-dsym";
				ENABLE_NS_ASSERTIONS = NO;
				ENABLE_STRICT_OBJC_MSGSEND = YES;
				GCC_C_LANGUAGE_STANDARD = gnu99;
				GCC_NO_COMMON_BLOCKS = YES;
				GCC_WARN_64_TO_32_BIT_CONVERSION = YES;
				GCC_WARN_ABOUT_RETURN_TYPE = YES_ERROR;
				GCC_WARN_UNDECLARED_SELECTOR = YES;
				GCC_WARN_UNINITIALIZED_AUTOS = YES_AGGRESSIVE;
				GCC_WARN_UNUSED_FUNCTION = YES;
				GCC_WARN_UNUSED_VARIABLE = YES;
				IPHONEOS_DEPLOYMENT_TARGET = 9.1;
				MTL_ENABLE_DEBUG_INFO = NO;
				SDKROOT = iphoneos;
				TARGETED_DEVICE_FAMILY = "1,2";
				VALIDATE_PRODUCT = YES;
			};
			name = Release;
		};
		21DCA0081CD8C1F1008F16A4 /* Debug */ = {
			isa = XCBuildConfiguration;
			baseConfigurationReference = DADD57076C08F2E4D47E7C73 /* Pods.debug.xcconfig */;
			buildSettings = {
				ASSETCATALOG_COMPILER_APPICON_NAME = AppIcon;
				CODE_SIGN_IDENTITY = "iPhone Developer";
				GCC_PREFIX_HEADER = /Users/renyijie/Desktop/ChatJie/ChatJie/ChatJie/pchFile.pch;
				INFOPLIST_FILE = ChatJie/Info.plist;
				LD_RUNPATH_SEARCH_PATHS = "$(inherited) @executable_path/Frameworks";
				PRODUCT_BUNDLE_IDENTIFIER = cn.edu.hdu.ChatJie;
				PRODUCT_NAME = "$(TARGET_NAME)";
			};
			name = Debug;
		};
		21DCA0091CD8C1F1008F16A4 /* Release */ = {
			isa = XCBuildConfiguration;
			baseConfigurationReference = 8D1B056425F41A782287F007 /* Pods.release.xcconfig */;
			buildSettings = {
				ASSETCATALOG_COMPILER_APPICON_NAME = AppIcon;
				CODE_SIGN_IDENTITY = "iPhone Developer";
				GCC_PREFIX_HEADER = /Users/renyijie/Desktop/ChatJie/ChatJie/ChatJie/pchFile.pch;
				INFOPLIST_FILE = ChatJie/Info.plist;
				LD_RUNPATH_SEARCH_PATHS = "$(inherited) @executable_path/Frameworks";
				PRODUCT_BUNDLE_IDENTIFIER = cn.edu.hdu.ChatJie;
				PRODUCT_NAME = "$(TARGET_NAME)";
			};
			name = Release;
		};
		21DCA00B1CD8C1F1008F16A4 /* Debug */ = {
			isa = XCBuildConfiguration;
			buildSettings = {
				BUNDLE_LOADER = "$(TEST_HOST)";
				INFOPLIST_FILE = ChatJieTests/Info.plist;
				LD_RUNPATH_SEARCH_PATHS = "$(inherited) @executable_path/Frameworks @loader_path/Frameworks";
				PRODUCT_BUNDLE_IDENTIFIER = cn.edu.hdu.ChatJieTests;
				PRODUCT_NAME = "$(TARGET_NAME)";
				TEST_HOST = "$(BUILT_PRODUCTS_DIR)/ChatJie.app/ChatJie";
			};
			name = Debug;
		};
		21DCA00C1CD8C1F1008F16A4 /* Release */ = {
			isa = XCBuildConfiguration;
			buildSettings = {
				BUNDLE_LOADER = "$(TEST_HOST)";
				INFOPLIST_FILE = ChatJieTests/Info.plist;
				LD_RUNPATH_SEARCH_PATHS = "$(inherited) @executable_path/Frameworks @loader_path/Frameworks";
				PRODUCT_BUNDLE_IDENTIFIER = cn.edu.hdu.ChatJieTests;
				PRODUCT_NAME = "$(TARGET_NAME)";
				TEST_HOST = "$(BUILT_PRODUCTS_DIR)/ChatJie.app/ChatJie";
			};
			name = Release;
		};
		21DCA00E1CD8C1F1008F16A4 /* Debug */ = {
			isa = XCBuildConfiguration;
			buildSettings = {
				INFOPLIST_FILE = ChatJieUITests/Info.plist;
				LD_RUNPATH_SEARCH_PATHS = "$(inherited) @executable_path/Frameworks @loader_path/Frameworks";
				PRODUCT_BUNDLE_IDENTIFIER = cn.edu.hdu.ChatJieUITests;
				PRODUCT_NAME = "$(TARGET_NAME)";
				TEST_TARGET_NAME = ChatJie;
				USES_XCTRUNNER = YES;
			};
			name = Debug;
		};
		21DCA00F1CD8C1F1008F16A4 /* Release */ = {
			isa = XCBuildConfiguration;
			buildSettings = {
				INFOPLIST_FILE = ChatJieUITests/Info.plist;
				LD_RUNPATH_SEARCH_PATHS = "$(inherited) @executable_path/Frameworks @loader_path/Frameworks";
				PRODUCT_BUNDLE_IDENTIFIER = cn.edu.hdu.ChatJieUITests;
				PRODUCT_NAME = "$(TARGET_NAME)";
				TEST_TARGET_NAME = ChatJie;
				USES_XCTRUNNER = YES;
			};
			name = Release;
		};
/* End XCBuildConfiguration section */

/* Begin XCConfigurationList section */
		21DC9FD51CD8C1F1008F16A4 /* Build configuration list for PBXProject "ChatJie" */ = {
			isa = XCConfigurationList;
			buildConfigurations = (
				21DCA0051CD8C1F1008F16A4 /* Debug */,
				21DCA0061CD8C1F1008F16A4 /* Release */,
			);
			defaultConfigurationIsVisible = 0;
			defaultConfigurationName = Release;
		};
		21DCA0071CD8C1F1008F16A4 /* Build configuration list for PBXNativeTarget "ChatJie" */ = {
			isa = XCConfigurationList;
			buildConfigurations = (
				21DCA0081CD8C1F1008F16A4 /* Debug */,
				21DCA0091CD8C1F1008F16A4 /* Release */,
			);
			defaultConfigurationIsVisible = 0;
			defaultConfigurationName = Release;
		};
		21DCA00A1CD8C1F1008F16A4 /* Build configuration list for PBXNativeTarget "ChatJieTests" */ = {
			isa = XCConfigurationList;
			buildConfigurations = (
				21DCA00B1CD8C1F1008F16A4 /* Debug */,
				21DCA00C1CD8C1F1008F16A4 /* Release */,
			);
			defaultConfigurationIsVisible = 0;
			defaultConfigurationName = Release;
		};
		21DCA00D1CD8C1F1008F16A4 /* Build configuration list for PBXNativeTarget "ChatJieUITests" */ = {
			isa = XCConfigurationList;
			buildConfigurations = (
				21DCA00E1CD8C1F1008F16A4 /* Debug */,
				21DCA00F1CD8C1F1008F16A4 /* Release */,
			);
			defaultConfigurationIsVisible = 0;
			defaultConfigurationName = Release;
		};
/* End XCConfigurationList section */
	};
	rootObject = 21DC9FD21CD8C1F1008F16A4 /* Project object */;
}
