<?xml version="1.0" encoding="UTF-8"?>
<!DOCTYPE plist PUBLIC "-//Apple//DTD PLIST 1.0//EN" "http://www.apple.com/DTDs/PropertyList-1.0.dtd">
<plist version="1.0">
<dict>
	<key>archiveVersion</key>
	<string>1</string>
	<key>classes</key>
	<dict/>
	<key>objectVersion</key>
	<string>46</string>
	<key>objects</key>
	<dict>
		<key>2142867C1CD98FBE00256529</key>
		<dict>
			<key>fileEncoding</key>
			<string>4</string>
			<key>isa</key>
			<string>PBXFileReference</string>
			<key>lastKnownFileType</key>
			<string>sourcecode.c.h</string>
			<key>path</key>
			<string>RYJFriendModel.h</string>
			<key>sourceTree</key>
			<string>&lt;group&gt;</string>
		</dict>
		<key>2142867D1CD98FBE00256529</key>
		<dict>
			<key>fileEncoding</key>
			<string>4</string>
			<key>isa</key>
			<string>PBXFileReference</string>
			<key>lastKnownFileType</key>
			<string>sourcecode.c.objc</string>
			<key>path</key>
			<string>RYJFriendModel.m</string>
			<key>sourceTree</key>
			<string>&lt;group&gt;</string>
		</dict>
		<key>2142867E1CD98FBE00256529</key>
		<dict>
			<key>fileRef</key>
			<string>2142867D1CD98FBE00256529</string>
			<key>isa</key>
			<string>PBXBuildFile</string>
		</dict>
		<key>2142867F1CD9CE6C00256529</key>
		<dict>
			<key>fileEncoding</key>
			<string>4</string>
			<key>isa</key>
			<string>PBXFileReference</string>
			<key>lastKnownFileType</key>
			<string>sourcecode.c.h</string>
			<key>path</key>
			<string>ChatCell.h</string>
			<key>sourceTree</key>
			<string>&lt;group&gt;</string>
		</dict>
		<key>214286801CD9CE6C00256529</key>
		<dict>
			<key>fileEncoding</key>
			<string>4</string>
			<key>isa</key>
			<string>PBXFileReference</string>
			<key>lastKnownFileType</key>
			<string>sourcecode.c.objc</string>
			<key>path</key>
			<string>ChatCell.m</string>
			<key>sourceTree</key>
			<string>&lt;group&gt;</string>
		</dict>
		<key>214286811CD9CE6C00256529</key>
		<dict>
			<key>fileEncoding</key>
			<string>4</string>
			<key>isa</key>
			<string>PBXFileReference</string>
			<key>lastKnownFileType</key>
			<string>file.xib</string>
			<key>path</key>
			<string>ChatCell.xib</string>
			<key>sourceTree</key>
			<string>&lt;group&gt;</string>
		</dict>
		<key>214286821CD9CE6C00256529</key>
		<dict>
			<key>fileRef</key>
			<string>214286801CD9CE6C00256529</string>
			<key>isa</key>
			<string>PBXBuildFile</string>
		</dict>
		<key>214286831CD9CE6C00256529</key>
		<dict>
			<key>fileRef</key>
			<string>214286811CD9CE6C00256529</string>
			<key>isa</key>
			<string>PBXBuildFile</string>
		</dict>
		<key>214286841CD9D3A100256529</key>
		<dict>
			<key>fileEncoding</key>
			<string>4</string>
			<key>isa</key>
			<string>PBXFileReference</string>
			<key>lastKnownFileType</key>
			<string>sourcecode.c.h</string>
			<key>path</key>
			<string>RYJChatModel.h</string>
			<key>sourceTree</key>
			<string>&lt;group&gt;</string>
		</dict>
		<key>214286851CD9D3A100256529</key>
		<dict>
			<key>fileEncoding</key>
			<string>4</string>
			<key>isa</key>
			<string>PBXFileReference</string>
			<key>lastKnownFileType</key>
			<string>sourcecode.c.objc</string>
			<key>path</key>
			<string>RYJChatModel.m</string>
			<key>sourceTree</key>
			<string>&lt;group&gt;</string>
		</dict>
		<key>214286861CD9D3A100256529</key>
		<dict>
			<key>fileRef</key>
			<string>214286851CD9D3A100256529</string>
			<key>isa</key>
			<string>PBXBuildFile</string>
		</dict>
		<key>214286871CD9DC6A00256529</key>
		<dict>
			<key>children</key>
			<array>
				<string>2142868A1CD9DC9700256529</string>
				<string>214286891CD9DC9100256529</string>
				<string>214286881CD9DC8400256529</string>
			</array>
			<key>isa</key>
			<string>PBXGroup</string>
			<key>name</key>
			<string>Login</string>
			<key>sourceTree</key>
			<string>&lt;group&gt;</string>
		</dict>
		<key>214286881CD9DC8400256529</key>
		<dict>
			<key>children</key>
			<array/>
			<key>isa</key>
			<string>PBXGroup</string>
			<key>name</key>
			<string>Model</string>
			<key>sourceTree</key>
			<string>&lt;group&gt;</string>
		</dict>
		<key>214286891CD9DC9100256529</key>
		<dict>
			<key>children</key>
			<array/>
			<key>isa</key>
			<string>PBXGroup</string>
			<key>name</key>
			<string>View</string>
			<key>sourceTree</key>
			<string>&lt;group&gt;</string>
		</dict>
		<key>2142868A1CD9DC9700256529</key>
		<dict>
			<key>children</key>
			<array>
				<string>21A919D21CDD945F001B7A4B</string>
				<string>21A919D41CDDBB20001B7A4B</string>
				<string>21A919D51CDDBB20001B7A4B</string>
				<string>21A919D71CDDBB2C001B7A4B</string>
				<string>21A919D81CDDBB2C001B7A4B</string>
				<string>21A919DA1CDDBB3C001B7A4B</string>
				<string>21A919DB1CDDBB3C001B7A4B</string>
			</array>
			<key>isa</key>
			<string>PBXGroup</string>
			<key>name</key>
			<string>Controller</string>
			<key>sourceTree</key>
			<string>&lt;group&gt;</string>
		</dict>
		<key>2142868B1CD9DCB800256529</key>
		<dict>
			<key>children</key>
			<array>
				<string>21DCA0401CD8C516008F16A4</string>
				<string>21DC9FE01CD8C1F1008F16A4</string>
				<string>21DC9FE11CD8C1F1008F16A4</string>
			</array>
			<key>isa</key>
			<string>PBXGroup</string>
			<key>name</key>
			<string>Other</string>
			<key>sourceTree</key>
			<string>&lt;group&gt;</string>
		</dict>
		<key>2142868C1CDC2DD500256529</key>
		<dict>
			<key>fileEncoding</key>
			<string>4</string>
			<key>isa</key>
			<string>PBXFileReference</string>
			<key>lastKnownFileType</key>
			<string>sourcecode.c.h</string>
			<key>path</key>
			<string>QuanViewController.h</string>
			<key>sourceTree</key>
			<string>&lt;group&gt;</string>
		</dict>
		<key>2142868D1CDC2DD500256529</key>
		<dict>
			<key>fileEncoding</key>
			<string>4</string>
			<key>isa</key>
			<string>PBXFileReference</string>
			<key>lastKnownFileType</key>
			<string>sourcecode.c.objc</string>
			<key>path</key>
			<string>QuanViewController.m</string>
			<key>sourceTree</key>
			<string>&lt;group&gt;</string>
		</dict>
		<key>2142868E1CDC2DD500256529</key>
		<dict>
			<key>fileRef</key>
			<string>2142868D1CDC2DD500256529</string>
			<key>isa</key>
			<string>PBXBuildFile</string>
		</dict>
		<key>2142868F1CDC2FF200256529</key>
		<dict>
			<key>fileEncoding</key>
			<string>4</string>
			<key>isa</key>
			<string>PBXFileReference</string>
			<key>lastKnownFileType</key>
			<string>sourcecode.c.h</string>
			<key>path</key>
			<string>QuanModel.h</string>
			<key>sourceTree</key>
			<string>&lt;group&gt;</string>
		</dict>
		<key>214286901CDC2FF200256529</key>
		<dict>
			<key>fileEncoding</key>
			<string>4</string>
			<key>isa</key>
			<string>PBXFileReference</string>
			<key>lastKnownFileType</key>
			<string>sourcecode.c.objc</string>
			<key>path</key>
			<string>QuanModel.m</string>
			<key>sourceTree</key>
			<string>&lt;group&gt;</string>
		</dict>
		<key>214286911CDC2FF200256529</key>
		<dict>
			<key>fileRef</key>
			<string>214286901CDC2FF200256529</string>
			<key>isa</key>
			<string>PBXBuildFile</string>
		</dict>
		<key>214286921CDC302900256529</key>
		<dict>
			<key>fileEncoding</key>
			<string>4</string>
			<key>isa</key>
			<string>PBXFileReference</string>
			<key>lastKnownFileType</key>
			<string>sourcecode.c.h</string>
			<key>path</key>
			<string>RYJQuanCell.h</string>
			<key>sourceTree</key>
			<string>&lt;group&gt;</string>
		</dict>
		<key>214286931CDC302900256529</key>
		<dict>
			<key>fileEncoding</key>
			<string>4</string>
			<key>isa</key>
			<string>PBXFileReference</string>
			<key>lastKnownFileType</key>
			<string>sourcecode.c.objc</string>
			<key>path</key>
			<string>RYJQuanCell.m</string>
			<key>sourceTree</key>
			<string>&lt;group&gt;</string>
		</dict>
		<key>214286941CDC302900256529</key>
		<dict>
			<key>fileEncoding</key>
			<string>4</string>
			<key>isa</key>
			<string>PBXFileReference</string>
			<key>lastKnownFileType</key>
			<string>file.xib</string>
			<key>path</key>
			<string>RYJQuanCell.xib</string>
			<key>sourceTree</key>
			<string>&lt;group&gt;</string>
		</dict>
		<key>214286951CDC302900256529</key>
		<dict>
			<key>fileRef</key>
			<string>214286931CDC302900256529</string>
			<key>isa</key>
			<string>PBXBuildFile</string>
		</dict>
		<key>214286961CDC302900256529</key>
		<dict>
			<key>fileRef</key>
			<string>214286941CDC302900256529</string>
			<key>isa</key>
			<string>PBXBuildFile</string>
		</dict>
		<key>214286971CDC3D6E00256529</key>
		<dict>
			<key>fileEncoding</key>
			<string>4</string>
			<key>isa</key>
			<string>PBXFileReference</string>
			<key>lastKnownFileType</key>
			<string>sourcecode.c.h</string>
			<key>path</key>
			<string>RYJPersonViewController.h</string>
			<key>sourceTree</key>
			<string>&lt;group&gt;</string>
		</dict>
		<key>214286981CDC3D6E00256529</key>
		<dict>
			<key>fileEncoding</key>
			<string>4</string>
			<key>isa</key>
			<string>PBXFileReference</string>
			<key>lastKnownFileType</key>
			<string>sourcecode.c.objc</string>
			<key>path</key>
			<string>RYJPersonViewController.m</string>
			<key>sourceTree</key>
			<string>&lt;group&gt;</string>
		</dict>
		<key>214286991CDC3D6E00256529</key>
		<dict>
			<key>fileRef</key>
			<string>214286981CDC3D6E00256529</string>
			<key>isa</key>
			<string>PBXBuildFile</string>
		</dict>
		<key>2142869A1CDC3D9B00256529</key>
		<dict>
			<key>fileEncoding</key>
			<string>4</string>
			<key>isa</key>
			<string>PBXFileReference</string>
			<key>lastKnownFileType</key>
			<string>sourcecode.c.h</string>
			<key>path</key>
			<string>RYJChangDataViewController.h</string>
			<key>sourceTree</key>
			<string>&lt;group&gt;</string>
		</dict>
		<key>2142869B1CDC3D9B00256529</key>
		<dict>
			<key>fileEncoding</key>
			<string>4</string>
			<key>isa</key>
			<string>PBXFileReference</string>
			<key>lastKnownFileType</key>
			<string>sourcecode.c.objc</string>
			<key>path</key>
			<string>RYJChangDataViewController.m</string>
			<key>sourceTree</key>
			<string>&lt;group&gt;</string>
		</dict>
		<key>2142869C1CDC3D9B00256529</key>
		<dict>
			<key>fileRef</key>
			<string>2142869B1CDC3D9B00256529</string>
			<key>isa</key>
			<string>PBXBuildFile</string>
		</dict>
		<key>2142869D1CDC3DBC00256529</key>
		<dict>
			<key>fileEncoding</key>
			<string>4</string>
			<key>isa</key>
			<string>PBXFileReference</string>
			<key>lastKnownFileType</key>
			<string>sourcecode.c.h</string>
			<key>path</key>
			<string>RYJSettingViewController.h</string>
			<key>sourceTree</key>
			<string>&lt;group&gt;</string>
		</dict>
		<key>2142869E1CDC3DBC00256529</key>
		<dict>
			<key>fileEncoding</key>
			<string>4</string>
			<key>isa</key>
			<string>PBXFileReference</string>
			<key>lastKnownFileType</key>
			<string>sourcecode.c.objc</string>
			<key>path</key>
			<string>RYJSettingViewController.m</string>
			<key>sourceTree</key>
			<string>&lt;group&gt;</string>
		</dict>
		<key>2142869F1CDC3DBC00256529</key>
		<dict>
			<key>fileRef</key>
			<string>2142869E1CDC3DBC00256529</string>
			<key>isa</key>
			<string>PBXBuildFile</string>
		</dict>
		<key>21A919CD1CDD8F81001B7A4B</key>
		<dict>
			<key>fileEncoding</key>
			<string>4</string>
			<key>isa</key>
			<string>PBXFileReference</string>
			<key>lastKnownFileType</key>
			<string>sourcecode.c.h</string>
			<key>path</key>
			<string>GlassView.h</string>
			<key>sourceTree</key>
			<string>&lt;group&gt;</string>
		</dict>
		<key>21A919CE1CDD8F81001B7A4B</key>
		<dict>
			<key>fileEncoding</key>
			<string>4</string>
			<key>isa</key>
			<string>PBXFileReference</string>
			<key>lastKnownFileType</key>
			<string>sourcecode.c.objc</string>
			<key>path</key>
			<string>GlassView.m</string>
			<key>sourceTree</key>
			<string>&lt;group&gt;</string>
		</dict>
		<key>21A919CF1CDD8F81001B7A4B</key>
		<dict>
			<key>fileRef</key>
			<string>21A919CE1CDD8F81001B7A4B</string>
			<key>isa</key>
			<string>PBXBuildFile</string>
		</dict>
		<key>21A919D21CDD945F001B7A4B</key>
		<dict>
			<key>fileEncoding</key>
			<string>4</string>
			<key>isa</key>
			<string>PBXFileReference</string>
			<key>lastKnownFileType</key>
			<string>file.storyboard</string>
			<key>path</key>
			<string>Login.storyboard</string>
			<key>sourceTree</key>
			<string>&lt;group&gt;</string>
		</dict>
		<key>21A919D31CDD945F001B7A4B</key>
		<dict>
			<key>fileRef</key>
			<string>21A919D21CDD945F001B7A4B</string>
			<key>isa</key>
			<string>PBXBuildFile</string>
		</dict>
		<key>21A919D41CDDBB20001B7A4B</key>
		<dict>
			<key>fileEncoding</key>
			<string>4</string>
			<key>isa</key>
			<string>PBXFileReference</string>
			<key>lastKnownFileType</key>
			<string>sourcecode.c.h</string>
			<key>path</key>
			<string>PreViewController.h</string>
			<key>sourceTree</key>
			<string>&lt;group&gt;</string>
		</dict>
		<key>21A919D51CDDBB20001B7A4B</key>
		<dict>
			<key>fileEncoding</key>
			<string>4</string>
			<key>isa</key>
			<string>PBXFileReference</string>
			<key>lastKnownFileType</key>
			<string>sourcecode.c.objc</string>
			<key>path</key>
			<string>PreViewController.m</string>
			<key>sourceTree</key>
			<string>&lt;group&gt;</string>
		</dict>
		<key>21A919D61CDDBB20001B7A4B</key>
		<dict>
			<key>fileRef</key>
			<string>21A919D51CDDBB20001B7A4B</string>
			<key>isa</key>
			<string>PBXBuildFile</string>
		</dict>
		<key>21A919D71CDDBB2C001B7A4B</key>
		<dict>
			<key>fileEncoding</key>
			<string>4</string>
			<key>isa</key>
			<string>PBXFileReference</string>
			<key>lastKnownFileType</key>
			<string>sourcecode.c.h</string>
			<key>path</key>
			<string>LoginViewController.h</string>
			<key>sourceTree</key>
			<string>&lt;group&gt;</string>
		</dict>
		<key>21A919D81CDDBB2C001B7A4B</key>
		<dict>
			<key>fileEncoding</key>
			<string>4</string>
			<key>isa</key>
			<string>PBXFileReference</string>
			<key>lastKnownFileType</key>
			<string>sourcecode.c.objc</string>
			<key>path</key>
			<string>LoginViewController.m</string>
			<key>sourceTree</key>
			<string>&lt;group&gt;</string>
		</dict>
		<key>21A919D91CDDBB2C001B7A4B</key>
		<dict>
			<key>fileRef</key>
			<string>21A919D81CDDBB2C001B7A4B</string>
			<key>isa</key>
			<string>PBXBuildFile</string>
		</dict>
		<key>21A919DA1CDDBB3C001B7A4B</key>
		<dict>
			<key>fileEncoding</key>
			<string>4</string>
			<key>isa</key>
			<string>PBXFileReference</string>
			<key>lastKnownFileType</key>
			<string>sourcecode.c.h</string>
			<key>path</key>
			<string>RegisterViewController.h</string>
			<key>sourceTree</key>
			<string>&lt;group&gt;</string>
		</dict>
		<key>21A919DB1CDDBB3C001B7A4B</key>
		<dict>
			<key>fileEncoding</key>
			<string>4</string>
			<key>isa</key>
			<string>PBXFileReference</string>
			<key>lastKnownFileType</key>
			<string>sourcecode.c.objc</string>
			<key>path</key>
			<string>RegisterViewController.m</string>
			<key>sourceTree</key>
			<string>&lt;group&gt;</string>
		</dict>
		<key>21A919DC1CDDBB3C001B7A4B</key>
		<dict>
			<key>fileRef</key>
			<string>21A919DB1CDDBB3C001B7A4B</string>
			<key>isa</key>
			<string>PBXBuildFile</string>
		</dict>
		<key>21DC9FD11CD8C1F1008F16A4</key>
		<dict>
			<key>children</key>
			<array>
				<string>21DC9FDC1CD8C1F1008F16A4</string>
				<string>21DC9FF61CD8C1F1008F16A4</string>
				<string>21DCA0011CD8C1F1008F16A4</string>
				<string>21DC9FDB1CD8C1F1008F16A4</string>
				<string>3F4A2CDBBFB6B46B2228C5EE</string>
				<string>66266CEF94FCD440EF6F5C08</string>
			</array>
			<key>isa</key>
			<string>PBXGroup</string>
			<key>sourceTree</key>
			<string>&lt;group&gt;</string>
		</dict>
		<key>21DC9FD21CD8C1F1008F16A4</key>
		<dict>
			<key>attributes</key>
			<dict>
				<key>CLASSPREFIX</key>
				<string></string>
				<key>LastUpgradeCheck</key>
				<string>0710</string>
				<key>ORGANIZATIONNAME</key>
				<string>renyijie</string>
				<key>TargetAttributes</key>
				<dict>
					<key>21DC9FD91CD8C1F1008F16A4</key>
					<dict>
						<key>CreatedOnToolsVersion</key>
						<string>7.1.1</string>
						<key>DevelopmentTeam</key>
						<string>F4EJCBMMZY</string>
					</dict>
					<key>21DC9FF21CD8C1F1008F16A4</key>
					<dict>
						<key>CreatedOnToolsVersion</key>
						<string>7.1.1</string>
						<key>DevelopmentTeam</key>
						<string>F4EJCBMMZY</string>
						<key>TestTargetID</key>
						<string>21DC9FD91CD8C1F1008F16A4</string>
					</dict>
					<key>21DC9FFD1CD8C1F1008F16A4</key>
					<dict>
						<key>CreatedOnToolsVersion</key>
						<string>7.1.1</string>
						<key>DevelopmentTeam</key>
						<string>F4EJCBMMZY</string>
						<key>TestTargetID</key>
						<string>21DC9FD91CD8C1F1008F16A4</string>
					</dict>
				</dict>
			</dict>
			<key>buildConfigurationList</key>
			<string>21DC9FD51CD8C1F1008F16A4</string>
			<key>compatibilityVersion</key>
			<string>Xcode 3.2</string>
			<key>developmentRegion</key>
			<string>English</string>
			<key>hasScannedForEncodings</key>
			<string>0</string>
			<key>isa</key>
			<string>PBXProject</string>
			<key>knownRegions</key>
			<array>
				<string>en</string>
				<string>Base</string>
			</array>
			<key>mainGroup</key>
			<string>21DC9FD11CD8C1F1008F16A4</string>
			<key>productRefGroup</key>
			<string>21DC9FDB1CD8C1F1008F16A4</string>
			<key>projectDirPath</key>
			<string></string>
			<key>projectReferences</key>
			<array/>
			<key>projectRoot</key>
			<string></string>
			<key>targets</key>
			<array>
				<string>21DC9FD91CD8C1F1008F16A4</string>
				<string>21DC9FF21CD8C1F1008F16A4</string>
				<string>21DC9FFD1CD8C1F1008F16A4</string>
			</array>
		</dict>
		<key>21DC9FD51CD8C1F1008F16A4</key>
		<dict>
			<key>buildConfigurations</key>
			<array>
				<string>21DCA0051CD8C1F1008F16A4</string>
				<string>21DCA0061CD8C1F1008F16A4</string>
			</array>
			<key>defaultConfigurationIsVisible</key>
			<string>0</string>
			<key>defaultConfigurationName</key>
			<string>Release</string>
			<key>isa</key>
			<string>XCConfigurationList</string>
		</dict>
		<key>21DC9FD61CD8C1F1008F16A4</key>
		<dict>
			<key>buildActionMask</key>
			<string>2147483647</string>
			<key>files</key>
			<array>
				<string>21DCA03E1CD8C42C008F16A4</string>
				<string>21A919D91CDDBB2C001B7A4B</string>
				<string>214286821CD9CE6C00256529</string>
				<string>21A919CF1CDD8F81001B7A4B</string>
				<string>214286951CDC302900256529</string>
				<string>2142869C1CDC3D9B00256529</string>
				<string>21DCA0321CD8C3F8008F16A4</string>
				<string>21A919DC1CDDBB3C001B7A4B</string>
				<string>21DCA0421CD8C770008F16A4</string>
				<string>21DCA0381CD8C41F008F16A4</string>
				<string>21A919D61CDDBB20001B7A4B</string>
				<string>2142869F1CDC3DBC00256529</string>
				<string>21DCA02E1CD8C3E6008F16A4</string>
				<string>2142867E1CD98FBE00256529</string>
				<string>214286861CD9D3A100256529</string>
				<string>21DCA03D1CD8C42C008F16A4</string>
				<string>21DC9FE21CD8C1F1008F16A4</string>
				<string>214286991CDC3D6E00256529</string>
				<string>21DCA02B1CD8C3E0008F16A4</string>
				<string>21DCA0271CD8C3C1008F16A4</string>
				<string>214286911CDC2FF200256529</string>
				<string>21DCA0351CD8C416008F16A4</string>
				<string>21DC9FDF1CD8C1F1008F16A4</string>
				<string>2142868E1CDC2DD500256529</string>
			</array>
			<key>isa</key>
			<string>PBXSourcesBuildPhase</string>
			<key>runOnlyForDeploymentPostprocessing</key>
			<string>0</string>
		</dict>
		<key>21DC9FD71CD8C1F1008F16A4</key>
		<dict>
			<key>buildActionMask</key>
			<string>2147483647</string>
			<key>files</key>
			<array>
				<string>CE97035203C8374A71347A38</string>
			</array>
			<key>isa</key>
			<string>PBXFrameworksBuildPhase</string>
			<key>runOnlyForDeploymentPostprocessing</key>
			<string>0</string>
		</dict>
		<key>21DC9FD81CD8C1F1008F16A4</key>
		<dict>
			<key>buildActionMask</key>
			<string>2147483647</string>
			<key>files</key>
			<array>
				<string>214286961CDC302900256529</string>
				<string>21A919D31CDD945F001B7A4B</string>
				<string>214286831CD9CE6C00256529</string>
				<string>21DC9FEA1CD8C1F1008F16A4</string>
			</array>
			<key>isa</key>
			<string>PBXResourcesBuildPhase</string>
			<key>runOnlyForDeploymentPostprocessing</key>
			<string>0</string>
		</dict>
		<key>21DC9FD91CD8C1F1008F16A4</key>
		<dict>
			<key>buildConfigurationList</key>
			<string>21DCA0071CD8C1F1008F16A4</string>
			<key>buildPhases</key>
			<array>
				<string>4CA9CF9220DEB162C66F3262</string>
				<string>21DC9FD61CD8C1F1008F16A4</string>
				<string>21DC9FD71CD8C1F1008F16A4</string>
				<string>21DC9FD81CD8C1F1008F16A4</string>
				<string>E08D2BE5A270283071C79928</string>
				<string>540B2E04416B8E410494504F</string>
			</array>
			<key>buildRules</key>
			<array/>
			<key>dependencies</key>
			<array/>
			<key>isa</key>
			<string>PBXNativeTarget</string>
			<key>name</key>
			<string>ChatJie</string>
			<key>productName</key>
			<string>ChatJie</string>
			<key>productReference</key>
			<string>21DC9FDA1CD8C1F1008F16A4</string>
			<key>productType</key>
			<string>com.apple.product-type.application</string>
		</dict>
		<key>21DC9FDA1CD8C1F1008F16A4</key>
		<dict>
			<key>explicitFileType</key>
			<string>wrapper.application</string>
			<key>includeInIndex</key>
			<string>0</string>
			<key>isa</key>
			<string>PBXFileReference</string>
			<key>path</key>
			<string>ChatJie.app</string>
			<key>sourceTree</key>
			<string>BUILT_PRODUCTS_DIR</string>
		</dict>
		<key>21DC9FDB1CD8C1F1008F16A4</key>
		<dict>
			<key>children</key>
			<array>
				<string>21DC9FDA1CD8C1F1008F16A4</string>
				<string>21DC9FF31CD8C1F1008F16A4</string>
				<string>21DC9FFE1CD8C1F1008F16A4</string>
			</array>
			<key>isa</key>
			<string>PBXGroup</string>
			<key>name</key>
			<string>Products</string>
			<key>sourceTree</key>
			<string>&lt;group&gt;</string>
		</dict>
		<key>21DC9FDC1CD8C1F1008F16A4</key>
		<dict>
			<key>children</key>
			<array>
				<string>21DCA0151CD8C307008F16A4</string>
				<string>21DCA0141CD8C2FD008F16A4</string>
				<string>214286871CD9DC6A00256529</string>
				<string>21DCA0121CD8C2E4008F16A4</string>
				<string>21DCA0131CD8C2EB008F16A4</string>
				<string>21DCA0111CD8C2D5008F16A4</string>
				<string>21DCA0101CD8C2CE008F16A4</string>
				<string>2142868B1CD9DCB800256529</string>
				<string>21DC9FDD1CD8C1F1008F16A4</string>
			</array>
			<key>isa</key>
			<string>PBXGroup</string>
			<key>path</key>
			<string>ChatJie</string>
			<key>sourceTree</key>
			<string>&lt;group&gt;</string>
		</dict>
		<key>21DC9FDD1CD8C1F1008F16A4</key>
		<dict>
			<key>children</key>
			<array>
				<string>21DC9FE91CD8C1F1008F16A4</string>
				<string>21DC9FEE1CD8C1F1008F16A4</string>
				<string>21DC9FDE1CD8C1F1008F16A4</string>
			</array>
			<key>isa</key>
			<string>PBXGroup</string>
			<key>name</key>
			<string>Supporting Files</string>
			<key>sourceTree</key>
			<string>&lt;group&gt;</string>
		</dict>
		<key>21DC9FDE1CD8C1F1008F16A4</key>
		<dict>
			<key>isa</key>
			<string>PBXFileReference</string>
			<key>lastKnownFileType</key>
			<string>sourcecode.c.objc</string>
			<key>path</key>
			<string>main.m</string>
			<key>sourceTree</key>
			<string>&lt;group&gt;</string>
		</dict>
		<key>21DC9FDF1CD8C1F1008F16A4</key>
		<dict>
			<key>fileRef</key>
			<string>21DC9FDE1CD8C1F1008F16A4</string>
			<key>isa</key>
			<string>PBXBuildFile</string>
		</dict>
		<key>21DC9FE01CD8C1F1008F16A4</key>
		<dict>
			<key>isa</key>
			<string>PBXFileReference</string>
			<key>lastKnownFileType</key>
			<string>sourcecode.c.h</string>
			<key>path</key>
			<string>AppDelegate.h</string>
			<key>sourceTree</key>
			<string>&lt;group&gt;</string>
		</dict>
		<key>21DC9FE11CD8C1F1008F16A4</key>
		<dict>
			<key>isa</key>
			<string>PBXFileReference</string>
			<key>lastKnownFileType</key>
			<string>sourcecode.c.objc</string>
			<key>path</key>
			<string>AppDelegate.m</string>
			<key>sourceTree</key>
			<string>&lt;group&gt;</string>
		</dict>
		<key>21DC9FE21CD8C1F1008F16A4</key>
		<dict>
			<key>fileRef</key>
			<string>21DC9FE11CD8C1F1008F16A4</string>
			<key>isa</key>
			<string>PBXBuildFile</string>
		</dict>
		<key>21DC9FE91CD8C1F1008F16A4</key>
		<dict>
			<key>isa</key>
			<string>PBXFileReference</string>
			<key>lastKnownFileType</key>
			<string>folder.assetcatalog</string>
			<key>path</key>
			<string>Assets.xcassets</string>
			<key>sourceTree</key>
			<string>&lt;group&gt;</string>
		</dict>
		<key>21DC9FEA1CD8C1F1008F16A4</key>
		<dict>
			<key>fileRef</key>
			<string>21DC9FE91CD8C1F1008F16A4</string>
			<key>isa</key>
			<string>PBXBuildFile</string>
		</dict>
		<key>21DC9FEE1CD8C1F1008F16A4</key>
		<dict>
			<key>isa</key>
			<string>PBXFileReference</string>
			<key>lastKnownFileType</key>
			<string>text.plist.xml</string>
			<key>path</key>
			<string>Info.plist</string>
			<key>sourceTree</key>
			<string>&lt;group&gt;</string>
		</dict>
		<key>21DC9FEF1CD8C1F1008F16A4</key>
		<dict>
			<key>buildActionMask</key>
			<string>2147483647</string>
			<key>files</key>
			<array>
				<string>21DC9FF81CD8C1F1008F16A4</string>
			</array>
			<key>isa</key>
			<string>PBXSourcesBuildPhase</string>
			<key>runOnlyForDeploymentPostprocessing</key>
			<string>0</string>
		</dict>
		<key>21DC9FF01CD8C1F1008F16A4</key>
		<dict>
			<key>buildActionMask</key>
			<string>2147483647</string>
			<key>files</key>
			<array/>
			<key>isa</key>
			<string>PBXFrameworksBuildPhase</string>
			<key>runOnlyForDeploymentPostprocessing</key>
			<string>0</string>
		</dict>
		<key>21DC9FF11CD8C1F1008F16A4</key>
		<dict>
			<key>buildActionMask</key>
			<string>2147483647</string>
			<key>files</key>
			<array/>
			<key>isa</key>
			<string>PBXResourcesBuildPhase</string>
			<key>runOnlyForDeploymentPostprocessing</key>
			<string>0</string>
		</dict>
		<key>21DC9FF21CD8C1F1008F16A4</key>
		<dict>
			<key>buildConfigurationList</key>
			<string>21DCA00A1CD8C1F1008F16A4</string>
			<key>buildPhases</key>
			<array>
				<string>21DC9FEF1CD8C1F1008F16A4</string>
				<string>21DC9FF01CD8C1F1008F16A4</string>
				<string>21DC9FF11CD8C1F1008F16A4</string>
			</array>
			<key>buildRules</key>
			<array/>
			<key>dependencies</key>
			<array>
				<string>21DC9FF51CD8C1F1008F16A4</string>
			</array>
			<key>isa</key>
			<string>PBXNativeTarget</string>
			<key>name</key>
			<string>ChatJieTests</string>
			<key>productName</key>
			<string>ChatJieTests</string>
			<key>productReference</key>
			<string>21DC9FF31CD8C1F1008F16A4</string>
			<key>productType</key>
			<string>com.apple.product-type.bundle.unit-test</string>
		</dict>
		<key>21DC9FF31CD8C1F1008F16A4</key>
		<dict>
			<key>explicitFileType</key>
			<string>wrapper.cfbundle</string>
			<key>includeInIndex</key>
			<string>0</string>
			<key>isa</key>
			<string>PBXFileReference</string>
			<key>path</key>
			<string>ChatJieTests.xctest</string>
			<key>sourceTree</key>
			<string>BUILT_PRODUCTS_DIR</string>
		</dict>
		<key>21DC9FF41CD8C1F1008F16A4</key>
		<dict>
			<key>containerPortal</key>
			<string>21DC9FD21CD8C1F1008F16A4</string>
			<key>isa</key>
			<string>PBXContainerItemProxy</string>
			<key>proxyType</key>
			<string>1</string>
			<key>remoteGlobalIDString</key>
			<string>21DC9FD91CD8C1F1008F16A4</string>
			<key>remoteInfo</key>
			<string>ChatJie</string>
		</dict>
		<key>21DC9FF51CD8C1F1008F16A4</key>
		<dict>
			<key>isa</key>
			<string>PBXTargetDependency</string>
			<key>target</key>
			<string>21DC9FD91CD8C1F1008F16A4</string>
			<key>targetProxy</key>
			<string>21DC9FF41CD8C1F1008F16A4</string>
		</dict>
		<key>21DC9FF61CD8C1F1008F16A4</key>
		<dict>
			<key>children</key>
			<array>
				<string>21DC9FF71CD8C1F1008F16A4</string>
				<string>21DC9FF91CD8C1F1008F16A4</string>
			</array>
			<key>isa</key>
			<string>PBXGroup</string>
			<key>path</key>
			<string>ChatJieTests</string>
			<key>sourceTree</key>
			<string>&lt;group&gt;</string>
		</dict>
		<key>21DC9FF71CD8C1F1008F16A4</key>
		<dict>
			<key>isa</key>
			<string>PBXFileReference</string>
			<key>lastKnownFileType</key>
			<string>sourcecode.c.objc</string>
			<key>path</key>
			<string>ChatJieTests.m</string>
			<key>sourceTree</key>
			<string>&lt;group&gt;</string>
		</dict>
		<key>21DC9FF81CD8C1F1008F16A4</key>
		<dict>
			<key>fileRef</key>
			<string>21DC9FF71CD8C1F1008F16A4</string>
			<key>isa</key>
			<string>PBXBuildFile</string>
		</dict>
		<key>21DC9FF91CD8C1F1008F16A4</key>
		<dict>
			<key>isa</key>
			<string>PBXFileReference</string>
			<key>lastKnownFileType</key>
			<string>text.plist.xml</string>
			<key>path</key>
			<string>Info.plist</string>
			<key>sourceTree</key>
			<string>&lt;group&gt;</string>
		</dict>
		<key>21DC9FFA1CD8C1F1008F16A4</key>
		<dict>
			<key>buildActionMask</key>
			<string>2147483647</string>
			<key>files</key>
			<array>
				<string>21DCA0031CD8C1F1008F16A4</string>
			</array>
			<key>isa</key>
			<string>PBXSourcesBuildPhase</string>
			<key>runOnlyForDeploymentPostprocessing</key>
			<string>0</string>
		</dict>
		<key>21DC9FFB1CD8C1F1008F16A4</key>
		<dict>
			<key>buildActionMask</key>
			<string>2147483647</string>
			<key>files</key>
			<array/>
			<key>isa</key>
			<string>PBXFrameworksBuildPhase</string>
			<key>runOnlyForDeploymentPostprocessing</key>
			<string>0</string>
		</dict>
		<key>21DC9FFC1CD8C1F1008F16A4</key>
		<dict>
			<key>buildActionMask</key>
			<string>2147483647</string>
			<key>files</key>
			<array/>
			<key>isa</key>
			<string>PBXResourcesBuildPhase</string>
			<key>runOnlyForDeploymentPostprocessing</key>
			<string>0</string>
		</dict>
		<key>21DC9FFD1CD8C1F1008F16A4</key>
		<dict>
			<key>buildConfigurationList</key>
			<string>21DCA00D1CD8C1F1008F16A4</string>
			<key>buildPhases</key>
			<array>
				<string>21DC9FFA1CD8C1F1008F16A4</string>
				<string>21DC9FFB1CD8C1F1008F16A4</string>
				<string>21DC9FFC1CD8C1F1008F16A4</string>
			</array>
			<key>buildRules</key>
			<array/>
			<key>dependencies</key>
			<array>
				<string>21DCA0001CD8C1F1008F16A4</string>
			</array>
			<key>isa</key>
			<string>PBXNativeTarget</string>
			<key>name</key>
			<string>ChatJieUITests</string>
			<key>productName</key>
			<string>ChatJieUITests</string>
			<key>productReference</key>
			<string>21DC9FFE1CD8C1F1008F16A4</string>
			<key>productType</key>
			<string>com.apple.product-type.bundle.ui-testing</string>
		</dict>
		<key>21DC9FFE1CD8C1F1008F16A4</key>
		<dict>
			<key>explicitFileType</key>
			<string>wrapper.cfbundle</string>
			<key>includeInIndex</key>
			<string>0</string>
			<key>isa</key>
			<string>PBXFileReference</string>
			<key>path</key>
			<string>ChatJieUITests.xctest</string>
			<key>sourceTree</key>
			<string>BUILT_PRODUCTS_DIR</string>
		</dict>
		<key>21DC9FFF1CD8C1F1008F16A4</key>
		<dict>
			<key>containerPortal</key>
			<string>21DC9FD21CD8C1F1008F16A4</string>
			<key>isa</key>
			<string>PBXContainerItemProxy</string>
			<key>proxyType</key>
			<string>1</string>
			<key>remoteGlobalIDString</key>
			<string>21DC9FD91CD8C1F1008F16A4</string>
			<key>remoteInfo</key>
			<string>ChatJie</string>
		</dict>
		<key>21DCA0001CD8C1F1008F16A4</key>
		<dict>
			<key>isa</key>
			<string>PBXTargetDependency</string>
			<key>target</key>
			<string>21DC9FD91CD8C1F1008F16A4</string>
			<key>targetProxy</key>
			<string>21DC9FFF1CD8C1F1008F16A4</string>
		</dict>
		<key>21DCA0011CD8C1F1008F16A4</key>
		<dict>
			<key>children</key>
			<array>
				<string>21DCA0021CD8C1F1008F16A4</string>
				<string>21DCA0041CD8C1F1008F16A4</string>
			</array>
			<key>isa</key>
			<string>PBXGroup</string>
			<key>path</key>
			<string>ChatJieUITests</string>
			<key>sourceTree</key>
			<string>&lt;group&gt;</string>
		</dict>
		<key>21DCA0021CD8C1F1008F16A4</key>
		<dict>
			<key>isa</key>
			<string>PBXFileReference</string>
			<key>lastKnownFileType</key>
			<string>sourcecode.c.objc</string>
			<key>path</key>
			<string>ChatJieUITests.m</string>
			<key>sourceTree</key>
			<string>&lt;group&gt;</string>
		</dict>
		<key>21DCA0031CD8C1F1008F16A4</key>
		<dict>
			<key>fileRef</key>
			<string>21DCA0021CD8C1F1008F16A4</string>
			<key>isa</key>
			<string>PBXBuildFile</string>
		</dict>
		<key>21DCA0041CD8C1F1008F16A4</key>
		<dict>
			<key>isa</key>
			<string>PBXFileReference</string>
			<key>lastKnownFileType</key>
			<string>text.plist.xml</string>
			<key>path</key>
			<string>Info.plist</string>
			<key>sourceTree</key>
			<string>&lt;group&gt;</string>
		</dict>
		<key>21DCA0051CD8C1F1008F16A4</key>
		<dict>
			<key>buildSettings</key>
			<dict>
				<key>ALWAYS_SEARCH_USER_PATHS</key>
				<string>NO</string>
				<key>CLANG_CXX_LANGUAGE_STANDARD</key>
				<string>gnu++0x</string>
				<key>CLANG_CXX_LIBRARY</key>
				<string>libc++</string>
				<key>CLANG_ENABLE_MODULES</key>
				<string>YES</string>
				<key>CLANG_ENABLE_OBJC_ARC</key>
				<string>YES</string>
				<key>CLANG_WARN_BOOL_CONVERSION</key>
				<string>YES</string>
				<key>CLANG_WARN_CONSTANT_CONVERSION</key>
				<string>YES</string>
				<key>CLANG_WARN_DIRECT_OBJC_ISA_USAGE</key>
				<string>YES_ERROR</string>
				<key>CLANG_WARN_EMPTY_BODY</key>
				<string>YES</string>
				<key>CLANG_WARN_ENUM_CONVERSION</key>
				<string>YES</string>
				<key>CLANG_WARN_INT_CONVERSION</key>
				<string>YES</string>
				<key>CLANG_WARN_OBJC_ROOT_CLASS</key>
				<string>YES_ERROR</string>
				<key>CLANG_WARN_UNREACHABLE_CODE</key>
				<string>YES</string>
				<key>CLANG_WARN__DUPLICATE_METHOD_MATCH</key>
				<string>YES</string>
				<key>CODE_SIGN_IDENTITY[sdk=iphoneos*]</key>
				<string>iPhone Developer</string>
				<key>COPY_PHASE_STRIP</key>
				<string>NO</string>
				<key>DEBUG_INFORMATION_FORMAT</key>
				<string>dwarf</string>
				<key>ENABLE_STRICT_OBJC_MSGSEND</key>
				<string>YES</string>
				<key>ENABLE_TESTABILITY</key>
				<string>YES</string>
				<key>GCC_C_LANGUAGE_STANDARD</key>
				<string>gnu99</string>
				<key>GCC_DYNAMIC_NO_PIC</key>
				<string>NO</string>
				<key>GCC_NO_COMMON_BLOCKS</key>
				<string>YES</string>
				<key>GCC_OPTIMIZATION_LEVEL</key>
				<string>0</string>
				<key>GCC_PREPROCESSOR_DEFINITIONS</key>
				<array>
					<string>DEBUG=1</string>
					<string>$(inherited)</string>
				</array>
				<key>GCC_WARN_64_TO_32_BIT_CONVERSION</key>
				<string>YES</string>
				<key>GCC_WARN_ABOUT_RETURN_TYPE</key>
				<string>YES_ERROR</string>
				<key>GCC_WARN_UNDECLARED_SELECTOR</key>
				<string>YES</string>
				<key>GCC_WARN_UNINITIALIZED_AUTOS</key>
				<string>YES_AGGRESSIVE</string>
				<key>GCC_WARN_UNUSED_FUNCTION</key>
				<string>YES</string>
				<key>GCC_WARN_UNUSED_VARIABLE</key>
				<string>YES</string>
				<key>IPHONEOS_DEPLOYMENT_TARGET</key>
				<string>9.1</string>
				<key>MTL_ENABLE_DEBUG_INFO</key>
				<string>YES</string>
				<key>ONLY_ACTIVE_ARCH</key>
				<string>YES</string>
				<key>SDKROOT</key>
				<string>iphoneos</string>
				<key>TARGETED_DEVICE_FAMILY</key>
				<string>1,2</string>
			</dict>
			<key>isa</key>
			<string>XCBuildConfiguration</string>
			<key>name</key>
			<string>Debug</string>
		</dict>
		<key>21DCA0061CD8C1F1008F16A4</key>
		<dict>
			<key>buildSettings</key>
			<dict>
				<key>ALWAYS_SEARCH_USER_PATHS</key>
				<string>NO</string>
				<key>CLANG_CXX_LANGUAGE_STANDARD</key>
				<string>gnu++0x</string>
				<key>CLANG_CXX_LIBRARY</key>
				<string>libc++</string>
				<key>CLANG_ENABLE_MODULES</key>
				<string>YES</string>
				<key>CLANG_ENABLE_OBJC_ARC</key>
				<string>YES</string>
				<key>CLANG_WARN_BOOL_CONVERSION</key>
				<string>YES</string>
				<key>CLANG_WARN_CONSTANT_CONVERSION</key>
				<string>YES</string>
				<key>CLANG_WARN_DIRECT_OBJC_ISA_USAGE</key>
				<string>YES_ERROR</string>
				<key>CLANG_WARN_EMPTY_BODY</key>
				<string>YES</string>
				<key>CLANG_WARN_ENUM_CONVERSION</key>
				<string>YES</string>
				<key>CLANG_WARN_INT_CONVERSION</key>
				<string>YES</string>
				<key>CLANG_WARN_OBJC_ROOT_CLASS</key>
				<string>YES_ERROR</string>
				<key>CLANG_WARN_UNREACHABLE_CODE</key>
				<string>YES</string>
				<key>CLANG_WARN__DUPLICATE_METHOD_MATCH</key>
				<string>YES</string>
				<key>CODE_SIGN_IDENTITY[sdk=iphoneos*]</key>
				<string>iPhone Developer</string>
				<key>COPY_PHASE_STRIP</key>
				<string>NO</string>
				<key>DEBUG_INFORMATION_FORMAT</key>
				<string>dwarf-with-dsym</string>
				<key>ENABLE_NS_ASSERTIONS</key>
				<string>NO</string>
				<key>ENABLE_STRICT_OBJC_MSGSEND</key>
				<string>YES</string>
				<key>GCC_C_LANGUAGE_STANDARD</key>
				<string>gnu99</string>
				<key>GCC_NO_COMMON_BLOCKS</key>
				<string>YES</string>
				<key>GCC_WARN_64_TO_32_BIT_CONVERSION</key>
				<string>YES</string>
				<key>GCC_WARN_ABOUT_RETURN_TYPE</key>
				<string>YES_ERROR</string>
				<key>GCC_WARN_UNDECLARED_SELECTOR</key>
				<string>YES</string>
				<key>GCC_WARN_UNINITIALIZED_AUTOS</key>
				<string>YES_AGGRESSIVE</string>
				<key>GCC_WARN_UNUSED_FUNCTION</key>
				<string>YES</string>
				<key>GCC_WARN_UNUSED_VARIABLE</key>
				<string>YES</string>
				<key>IPHONEOS_DEPLOYMENT_TARGET</key>
				<string>9.1</string>
				<key>MTL_ENABLE_DEBUG_INFO</key>
				<string>NO</string>
				<key>SDKROOT</key>
				<string>iphoneos</string>
				<key>TARGETED_DEVICE_FAMILY</key>
				<string>1,2</string>
				<key>VALIDATE_PRODUCT</key>
				<string>YES</string>
			</dict>
			<key>isa</key>
			<string>XCBuildConfiguration</string>
			<key>name</key>
			<string>Release</string>
		</dict>
		<key>21DCA0071CD8C1F1008F16A4</key>
		<dict>
			<key>buildConfigurations</key>
			<array>
				<string>21DCA0081CD8C1F1008F16A4</string>
				<string>21DCA0091CD8C1F1008F16A4</string>
			</array>
			<key>defaultConfigurationIsVisible</key>
			<string>0</string>
			<key>defaultConfigurationName</key>
			<string>Release</string>
			<key>isa</key>
			<string>XCConfigurationList</string>
		</dict>
		<key>21DCA0081CD8C1F1008F16A4</key>
		<dict>
			<key>baseConfigurationReference</key>
			<string>DADD57076C08F2E4D47E7C73</string>
			<key>buildSettings</key>
			<dict>
				<key>ASSETCATALOG_COMPILER_APPICON_NAME</key>
				<string>AppIcon</string>
				<key>CODE_SIGN_IDENTITY</key>
				<string>iPhone Developer</string>
				<key>GCC_PREFIX_HEADER</key>
				<string>/Users/wang/Desktop/ChatJie/ChatJie/ChatJie/pchFile.pch</string>
				<key>INFOPLIST_FILE</key>
				<string>ChatJie/Info.plist</string>
				<key>LD_RUNPATH_SEARCH_PATHS</key>
				<string>$(inherited) @executable_path/Frameworks</string>
				<key>PRODUCT_BUNDLE_IDENTIFIER</key>
				<string>cn.edu.hdu.ChatJie</string>
				<key>PRODUCT_NAME</key>
				<string>$(TARGET_NAME)</string>
			</dict>
			<key>isa</key>
			<string>XCBuildConfiguration</string>
			<key>name</key>
			<string>Debug</string>
		</dict>
		<key>21DCA0091CD8C1F1008F16A4</key>
		<dict>
			<key>baseConfigurationReference</key>
			<string>8D1B056425F41A782287F007</string>
			<key>buildSettings</key>
			<dict>
				<key>ASSETCATALOG_COMPILER_APPICON_NAME</key>
				<string>AppIcon</string>
				<key>CODE_SIGN_IDENTITY</key>
				<string>iPhone Developer</string>
				<key>GCC_PREFIX_HEADER</key>
				<string>/Users/wang/Desktop/ChatJie/ChatJie/ChatJie/pchFile.pch</string>
				<key>INFOPLIST_FILE</key>
				<string>ChatJie/Info.plist</string>
				<key>LD_RUNPATH_SEARCH_PATHS</key>
				<string>$(inherited) @executable_path/Frameworks</string>
				<key>PRODUCT_BUNDLE_IDENTIFIER</key>
				<string>cn.edu.hdu.ChatJie</string>
				<key>PRODUCT_NAME</key>
				<string>$(TARGET_NAME)</string>
			</dict>
			<key>isa</key>
			<string>XCBuildConfiguration</string>
			<key>name</key>
			<string>Release</string>
		</dict>
		<key>21DCA00A1CD8C1F1008F16A4</key>
		<dict>
			<key>buildConfigurations</key>
			<array>
				<string>21DCA00B1CD8C1F1008F16A4</string>
				<string>21DCA00C1CD8C1F1008F16A4</string>
			</array>
			<key>defaultConfigurationIsVisible</key>
			<string>0</string>
			<key>defaultConfigurationName</key>
			<string>Release</string>
			<key>isa</key>
			<string>XCConfigurationList</string>
		</dict>
		<key>21DCA00B1CD8C1F1008F16A4</key>
		<dict>
			<key>buildSettings</key>
			<dict>
				<key>BUNDLE_LOADER</key>
				<string>$(TEST_HOST)</string>
				<key>INFOPLIST_FILE</key>
				<string>ChatJieTests/Info.plist</string>
				<key>LD_RUNPATH_SEARCH_PATHS</key>
				<string>$(inherited) @executable_path/Frameworks @loader_path/Frameworks</string>
				<key>PRODUCT_BUNDLE_IDENTIFIER</key>
				<string>cn.edu.hdu.ChatJieTests</string>
				<key>PRODUCT_NAME</key>
				<string>$(TARGET_NAME)</string>
				<key>TEST_HOST</key>
				<string>$(BUILT_PRODUCTS_DIR)/ChatJie.app/ChatJie</string>
			</dict>
			<key>isa</key>
			<string>XCBuildConfiguration</string>
			<key>name</key>
			<string>Debug</string>
		</dict>
		<key>21DCA00C1CD8C1F1008F16A4</key>
		<dict>
			<key>buildSettings</key>
			<dict>
				<key>BUNDLE_LOADER</key>
				<string>$(TEST_HOST)</string>
				<key>INFOPLIST_FILE</key>
				<string>ChatJieTests/Info.plist</string>
				<key>LD_RUNPATH_SEARCH_PATHS</key>
				<string>$(inherited) @executable_path/Frameworks @loader_path/Frameworks</string>
				<key>PRODUCT_BUNDLE_IDENTIFIER</key>
				<string>cn.edu.hdu.ChatJieTests</string>
				<key>PRODUCT_NAME</key>
				<string>$(TARGET_NAME)</string>
				<key>TEST_HOST</key>
				<string>$(BUILT_PRODUCTS_DIR)/ChatJie.app/ChatJie</string>
			</dict>
			<key>isa</key>
			<string>XCBuildConfiguration</string>
			<key>name</key>
			<string>Release</string>
		</dict>
		<key>21DCA00D1CD8C1F1008F16A4</key>
		<dict>
			<key>buildConfigurations</key>
			<array>
				<string>21DCA00E1CD8C1F1008F16A4</string>
				<string>21DCA00F1CD8C1F1008F16A4</string>
			</array>
			<key>defaultConfigurationIsVisible</key>
			<string>0</string>
			<key>defaultConfigurationName</key>
			<string>Release</string>
			<key>isa</key>
			<string>XCConfigurationList</string>
		</dict>
		<key>21DCA00E1CD8C1F1008F16A4</key>
		<dict>
			<key>buildSettings</key>
			<dict>
				<key>INFOPLIST_FILE</key>
				<string>ChatJieUITests/Info.plist</string>
				<key>LD_RUNPATH_SEARCH_PATHS</key>
				<string>$(inherited) @executable_path/Frameworks @loader_path/Frameworks</string>
				<key>PRODUCT_BUNDLE_IDENTIFIER</key>
				<string>cn.edu.hdu.ChatJieUITests</string>
				<key>PRODUCT_NAME</key>
				<string>$(TARGET_NAME)</string>
				<key>TEST_TARGET_NAME</key>
				<string>ChatJie</string>
				<key>USES_XCTRUNNER</key>
				<string>YES</string>
			</dict>
			<key>isa</key>
			<string>XCBuildConfiguration</string>
			<key>name</key>
			<string>Debug</string>
		</dict>
		<key>21DCA00F1CD8C1F1008F16A4</key>
		<dict>
			<key>buildSettings</key>
			<dict>
				<key>INFOPLIST_FILE</key>
				<string>ChatJieUITests/Info.plist</string>
				<key>LD_RUNPATH_SEARCH_PATHS</key>
				<string>$(inherited) @executable_path/Frameworks @loader_path/Frameworks</string>
				<key>PRODUCT_BUNDLE_IDENTIFIER</key>
				<string>cn.edu.hdu.ChatJieUITests</string>
				<key>PRODUCT_NAME</key>
				<string>$(TARGET_NAME)</string>
				<key>TEST_TARGET_NAME</key>
				<string>ChatJie</string>
				<key>USES_XCTRUNNER</key>
				<string>YES</string>
			</dict>
			<key>isa</key>
			<string>XCBuildConfiguration</string>
			<key>name</key>
			<string>Release</string>
		</dict>
		<key>21DCA0101CD8C2CE008F16A4</key>
		<dict>
			<key>children</key>
			<array>
				<string>21DCA0181CD8C32E008F16A4</string>
				<string>21DCA0171CD8C328008F16A4</string>
				<string>21DCA0161CD8C31F008F16A4</string>
			</array>
			<key>isa</key>
			<string>PBXGroup</string>
			<key>name</key>
			<string>Me</string>
			<key>sourceTree</key>
			<string>&lt;group&gt;</string>
		</dict>
		<key>21DCA0111CD8C2D5008F16A4</key>
		<dict>
			<key>children</key>
			<array>
				<string>21DCA01B1CD8C348008F16A4</string>
				<string>21DCA01A1CD8C342008F16A4</string>
				<string>21DCA0191CD8C33D008F16A4</string>
			</array>
			<key>isa</key>
			<string>PBXGroup</string>
			<key>name</key>
			<string>Found</string>
			<key>sourceTree</key>
			<string>&lt;group&gt;</string>
		</dict>
		<key>21DCA0121CD8C2E4008F16A4</key>
		<dict>
			<key>children</key>
			<array>
				<string>21DCA01E1CD8C35F008F16A4</string>
				<string>21DCA01D1CD8C359008F16A4</string>
				<string>21DCA01C1CD8C353008F16A4</string>
			</array>
			<key>isa</key>
			<string>PBXGroup</string>
			<key>name</key>
			<string>Chat</string>
			<key>sourceTree</key>
			<string>&lt;group&gt;</string>
		</dict>
		<key>21DCA0131CD8C2EB008F16A4</key>
		<dict>
			<key>children</key>
			<array>
				<string>21DCA0211CD8C37B008F16A4</string>
				<string>21DCA0201CD8C36F008F16A4</string>
				<string>21DCA01F1CD8C368008F16A4</string>
			</array>
			<key>isa</key>
			<string>PBXGroup</string>
			<key>name</key>
			<string>AddressBook</string>
			<key>sourceTree</key>
			<string>&lt;group&gt;</string>
		</dict>
		<key>21DCA0141CD8C2FD008F16A4</key>
		<dict>
			<key>children</key>
			<array>
				<string>21DCA0391CD8C42C008F16A4</string>
				<string>21DCA03A1CD8C42C008F16A4</string>
				<string>21DCA03B1CD8C42C008F16A4</string>
				<string>21DCA03C1CD8C42C008F16A4</string>
			</array>
			<key>isa</key>
			<string>PBXGroup</string>
			<key>name</key>
			<string>Main</string>
			<key>sourceTree</key>
			<string>&lt;group&gt;</string>
		</dict>
		<key>21DCA0151CD8C307008F16A4</key>
		<dict>
			<key>children</key>
			<array>
				<string>21A919CD1CDD8F81001B7A4B</string>
				<string>21A919CE1CDD8F81001B7A4B</string>
				<string>21DCA0281CD8C3C6008F16A4</string>
			</array>
			<key>isa</key>
			<string>PBXGroup</string>
			<key>name</key>
			<string>Tool</string>
			<key>sourceTree</key>
			<string>&lt;group&gt;</string>
		</dict>
		<key>21DCA0161CD8C31F008F16A4</key>
		<dict>
			<key>children</key>
			<array>
				<string>21DCA0291CD8C3E0008F16A4</string>
				<string>21DCA02A1CD8C3E0008F16A4</string>
			</array>
			<key>isa</key>
			<string>PBXGroup</string>
			<key>name</key>
			<string>Model</string>
			<key>sourceTree</key>
			<string>&lt;group&gt;</string>
		</dict>
		<key>21DCA0171CD8C328008F16A4</key>
		<dict>
			<key>children</key>
			<array>
				<string>21DCA02C1CD8C3E6008F16A4</string>
				<string>21DCA02D1CD8C3E6008F16A4</string>
			</array>
			<key>isa</key>
			<string>PBXGroup</string>
			<key>name</key>
			<string>View</string>
			<key>sourceTree</key>
			<string>&lt;group&gt;</string>
		</dict>
		<key>21DCA0181CD8C32E008F16A4</key>
		<dict>
			<key>children</key>
			<array>
				<string>21DCA02F1CD8C3EB008F16A4</string>
				<string>21DCA0411CD8C770008F16A4</string>
				<string>214286971CDC3D6E00256529</string>
				<string>214286981CDC3D6E00256529</string>
				<string>2142869A1CDC3D9B00256529</string>
				<string>2142869B1CDC3D9B00256529</string>
				<string>2142869D1CDC3DBC00256529</string>
				<string>2142869E1CDC3DBC00256529</string>
			</array>
			<key>isa</key>
			<string>PBXGroup</string>
			<key>name</key>
			<string>Controller</string>
			<key>sourceTree</key>
			<string>&lt;group&gt;</string>
		</dict>
		<key>21DCA0191CD8C33D008F16A4</key>
		<dict>
			<key>children</key>
			<array>
				<string>2142868F1CDC2FF200256529</string>
				<string>214286901CDC2FF200256529</string>
			</array>
			<key>isa</key>
			<string>PBXGroup</string>
			<key>name</key>
			<string>Model</string>
			<key>sourceTree</key>
			<string>&lt;group&gt;</string>
		</dict>
		<key>21DCA01A1CD8C342008F16A4</key>
		<dict>
			<key>children</key>
			<array>
				<string>214286921CDC302900256529</string>
				<string>214286931CDC302900256529</string>
				<string>214286941CDC302900256529</string>
			</array>
			<key>isa</key>
			<string>PBXGroup</string>
			<key>name</key>
			<string>View</string>
			<key>sourceTree</key>
			<string>&lt;group&gt;</string>
		</dict>
		<key>21DCA01B1CD8C348008F16A4</key>
		<dict>
			<key>children</key>
			<array>
				<string>21DCA0301CD8C3F8008F16A4</string>
				<string>21DCA0311CD8C3F8008F16A4</string>
				<string>2142868C1CDC2DD500256529</string>
				<string>2142868D1CDC2DD500256529</string>
			</array>
			<key>isa</key>
			<string>PBXGroup</string>
			<key>name</key>
			<string>Controller</string>
			<key>sourceTree</key>
			<string>&lt;group&gt;</string>
		</dict>
		<key>21DCA01C1CD8C353008F16A4</key>
		<dict>
			<key>children</key>
			<array>
				<string>214286841CD9D3A100256529</string>
				<string>214286851CD9D3A100256529</string>
			</array>
			<key>isa</key>
			<string>PBXGroup</string>
			<key>name</key>
			<string>Model</string>
			<key>sourceTree</key>
			<string>&lt;group&gt;</string>
		</dict>
		<key>21DCA01D1CD8C359008F16A4</key>
		<dict>
			<key>children</key>
			<array>
				<string>2142867F1CD9CE6C00256529</string>
				<string>214286801CD9CE6C00256529</string>
				<string>214286811CD9CE6C00256529</string>
			</array>
			<key>isa</key>
			<string>PBXGroup</string>
			<key>name</key>
			<string>View</string>
			<key>sourceTree</key>
			<string>&lt;group&gt;</string>
		</dict>
		<key>21DCA01E1CD8C35F008F16A4</key>
		<dict>
			<key>children</key>
			<array>
				<string>21DCA0331CD8C40F008F16A4</string>
				<string>21DCA0341CD8C416008F16A4</string>
			</array>
			<key>isa</key>
			<string>PBXGroup</string>
			<key>name</key>
			<string>Controller</string>
			<key>sourceTree</key>
			<string>&lt;group&gt;</string>
		</dict>
		<key>21DCA01F1CD8C368008F16A4</key>
		<dict>
			<key>children</key>
			<array>
				<string>2142867C1CD98FBE00256529</string>
				<string>2142867D1CD98FBE00256529</string>
			</array>
			<key>isa</key>
			<string>PBXGroup</string>
			<key>name</key>
			<string>Model</string>
			<key>sourceTree</key>
			<string>&lt;group&gt;</string>
		</dict>
		<key>21DCA0201CD8C36F008F16A4</key>
		<dict>
			<key>children</key>
			<array/>
			<key>isa</key>
			<string>PBXGroup</string>
			<key>name</key>
			<string>View</string>
			<key>sourceTree</key>
			<string>&lt;group&gt;</string>
		</dict>
		<key>21DCA0211CD8C37B008F16A4</key>
		<dict>
			<key>children</key>
			<array>
				<string>21DCA0361CD8C41F008F16A4</string>
				<string>21DCA0371CD8C41F008F16A4</string>
			</array>
			<key>isa</key>
			<string>PBXGroup</string>
			<key>name</key>
			<string>Controller</string>
			<key>sourceTree</key>
			<string>&lt;group&gt;</string>
		</dict>
		<key>21DCA0251CD8C3C1008F16A4</key>
		<dict>
			<key>fileEncoding</key>
			<string>4</string>
			<key>isa</key>
			<string>PBXFileReference</string>
			<key>lastKnownFileType</key>
			<string>sourcecode.c.h</string>
			<key>path</key>
			<string>NSString+PinYin.h</string>
			<key>sourceTree</key>
			<string>&lt;group&gt;</string>
		</dict>
		<key>21DCA0261CD8C3C1008F16A4</key>
		<dict>
			<key>fileEncoding</key>
			<string>4</string>
			<key>isa</key>
			<string>PBXFileReference</string>
			<key>lastKnownFileType</key>
			<string>sourcecode.c.objc</string>
			<key>path</key>
			<string>NSString+PinYin.m</string>
			<key>sourceTree</key>
			<string>&lt;group&gt;</string>
		</dict>
		<key>21DCA0271CD8C3C1008F16A4</key>
		<dict>
			<key>fileRef</key>
			<string>21DCA0261CD8C3C1008F16A4</string>
			<key>isa</key>
			<string>PBXBuildFile</string>
		</dict>
		<key>21DCA0281CD8C3C6008F16A4</key>
		<dict>
			<key>children</key>
			<array>
				<string>21DCA0251CD8C3C1008F16A4</string>
				<string>21DCA0261CD8C3C1008F16A4</string>
			</array>
			<key>isa</key>
			<string>PBXGroup</string>
			<key>name</key>
			<string>NSString+PinYin</string>
			<key>sourceTree</key>
			<string>&lt;group&gt;</string>
		</dict>
		<key>21DCA0291CD8C3E0008F16A4</key>
		<dict>
			<key>fileEncoding</key>
			<string>4</string>
			<key>isa</key>
			<string>PBXFileReference</string>
			<key>lastKnownFileType</key>
			<string>sourcecode.c.h</string>
			<key>path</key>
			<string>RYJPersonModel.h</string>
			<key>sourceTree</key>
			<string>&lt;group&gt;</string>
		</dict>
		<key>21DCA02A1CD8C3E0008F16A4</key>
		<dict>
			<key>fileEncoding</key>
			<string>4</string>
			<key>isa</key>
			<string>PBXFileReference</string>
			<key>lastKnownFileType</key>
			<string>sourcecode.c.objc</string>
			<key>path</key>
			<string>RYJPersonModel.m</string>
			<key>sourceTree</key>
			<string>&lt;group&gt;</string>
		</dict>
		<key>21DCA02B1CD8C3E0008F16A4</key>
		<dict>
			<key>fileRef</key>
			<string>21DCA02A1CD8C3E0008F16A4</string>
			<key>isa</key>
			<string>PBXBuildFile</string>
		</dict>
		<key>21DCA02C1CD8C3E6008F16A4</key>
		<dict>
			<key>fileEncoding</key>
			<string>4</string>
			<key>isa</key>
			<string>PBXFileReference</string>
			<key>lastKnownFileType</key>
			<string>sourcecode.c.h</string>
			<key>path</key>
			<string>RYJPersonCell.h</string>
			<key>sourceTree</key>
			<string>&lt;group&gt;</string>
		</dict>
		<key>21DCA02D1CD8C3E6008F16A4</key>
		<dict>
			<key>fileEncoding</key>
			<string>4</string>
			<key>isa</key>
			<string>PBXFileReference</string>
			<key>lastKnownFileType</key>
			<string>sourcecode.c.objc</string>
			<key>path</key>
			<string>RYJPersonCell.m</string>
			<key>sourceTree</key>
			<string>&lt;group&gt;</string>
		</dict>
		<key>21DCA02E1CD8C3E6008F16A4</key>
		<dict>
			<key>fileRef</key>
			<string>21DCA02D1CD8C3E6008F16A4</string>
			<key>isa</key>
			<string>PBXBuildFile</string>
		</dict>
		<key>21DCA02F1CD8C3EB008F16A4</key>
		<dict>
			<key>isa</key>
			<string>PBXFileReference</string>
			<key>lastKnownFileType</key>
			<string>sourcecode.c.h</string>
			<key>path</key>
			<string>RYJMeViewController.h</string>
			<key>sourceTree</key>
			<string>&lt;group&gt;</string>
		</dict>
		<key>21DCA0301CD8C3F8008F16A4</key>
		<dict>
			<key>fileEncoding</key>
			<string>4</string>
			<key>isa</key>
			<string>PBXFileReference</string>
			<key>lastKnownFileType</key>
			<string>sourcecode.c.h</string>
			<key>path</key>
			<string>RYJFoundViewController.h</string>
			<key>sourceTree</key>
			<string>&lt;group&gt;</string>
		</dict>
		<key>21DCA0311CD8C3F8008F16A4</key>
		<dict>
			<key>fileEncoding</key>
			<string>4</string>
			<key>isa</key>
			<string>PBXFileReference</string>
			<key>lastKnownFileType</key>
			<string>sourcecode.c.objc</string>
			<key>path</key>
			<string>RYJFoundViewController.m</string>
			<key>sourceTree</key>
			<string>&lt;group&gt;</string>
		</dict>
		<key>21DCA0321CD8C3F8008F16A4</key>
		<dict>
			<key>fileRef</key>
			<string>21DCA0311CD8C3F8008F16A4</string>
			<key>isa</key>
			<string>PBXBuildFile</string>
		</dict>
		<key>21DCA0331CD8C40F008F16A4</key>
		<dict>
			<key>isa</key>
			<string>PBXFileReference</string>
			<key>lastKnownFileType</key>
			<string>sourcecode.c.h</string>
			<key>path</key>
			<string>RYJCahtViewController.h</string>
			<key>sourceTree</key>
			<string>&lt;group&gt;</string>
		</dict>
		<key>21DCA0341CD8C416008F16A4</key>
		<dict>
			<key>fileEncoding</key>
			<string>4</string>
			<key>isa</key>
			<string>PBXFileReference</string>
			<key>lastKnownFileType</key>
			<string>sourcecode.c.objc</string>
			<key>path</key>
			<string>RYJCahtViewController.m</string>
			<key>sourceTree</key>
			<string>&lt;group&gt;</string>
		</dict>
		<key>21DCA0351CD8C416008F16A4</key>
		<dict>
			<key>fileRef</key>
			<string>21DCA0341CD8C416008F16A4</string>
			<key>isa</key>
			<string>PBXBuildFile</string>
		</dict>
		<key>21DCA0361CD8C41F008F16A4</key>
		<dict>
			<key>fileEncoding</key>
			<string>4</string>
			<key>isa</key>
			<string>PBXFileReference</string>
			<key>lastKnownFileType</key>
			<string>sourcecode.c.h</string>
			<key>path</key>
			<string>RYJAddressBookViewController.h</string>
			<key>sourceTree</key>
			<string>&lt;group&gt;</string>
		</dict>
		<key>21DCA0371CD8C41F008F16A4</key>
		<dict>
			<key>fileEncoding</key>
			<string>4</string>
			<key>isa</key>
			<string>PBXFileReference</string>
			<key>lastKnownFileType</key>
			<string>sourcecode.c.objc</string>
			<key>path</key>
			<string>RYJAddressBookViewController.m</string>
			<key>sourceTree</key>
			<string>&lt;group&gt;</string>
		</dict>
		<key>21DCA0381CD8C41F008F16A4</key>
		<dict>
			<key>fileRef</key>
			<string>21DCA0371CD8C41F008F16A4</string>
			<key>isa</key>
			<string>PBXBuildFile</string>
		</dict>
		<key>21DCA0391CD8C42C008F16A4</key>
		<dict>
			<key>fileEncoding</key>
			<string>4</string>
			<key>isa</key>
			<string>PBXFileReference</string>
			<key>lastKnownFileType</key>
			<string>sourcecode.c.h</string>
			<key>path</key>
			<string>RYJBaseViewController.h</string>
			<key>sourceTree</key>
			<string>&lt;group&gt;</string>
		</dict>
		<key>21DCA03A1CD8C42C008F16A4</key>
		<dict>
			<key>fileEncoding</key>
			<string>4</string>
			<key>isa</key>
			<string>PBXFileReference</string>
			<key>lastKnownFileType</key>
			<string>sourcecode.c.objc</string>
			<key>path</key>
			<string>RYJBaseViewController.m</string>
			<key>sourceTree</key>
			<string>&lt;group&gt;</string>
		</dict>
		<key>21DCA03B1CD8C42C008F16A4</key>
		<dict>
			<key>fileEncoding</key>
			<string>4</string>
			<key>isa</key>
			<string>PBXFileReference</string>
			<key>lastKnownFileType</key>
			<string>sourcecode.c.h</string>
			<key>path</key>
			<string>RYJTabBarController.h</string>
			<key>sourceTree</key>
			<string>&lt;group&gt;</string>
		</dict>
		<key>21DCA03C1CD8C42C008F16A4</key>
		<dict>
			<key>fileEncoding</key>
			<string>4</string>
			<key>isa</key>
			<string>PBXFileReference</string>
			<key>lastKnownFileType</key>
			<string>sourcecode.c.objc</string>
			<key>path</key>
			<string>RYJTabBarController.m</string>
			<key>sourceTree</key>
			<string>&lt;group&gt;</string>
		</dict>
		<key>21DCA03D1CD8C42C008F16A4</key>
		<dict>
			<key>fileRef</key>
			<string>21DCA03A1CD8C42C008F16A4</string>
			<key>isa</key>
			<string>PBXBuildFile</string>
		</dict>
		<key>21DCA03E1CD8C42C008F16A4</key>
		<dict>
			<key>fileRef</key>
			<string>21DCA03C1CD8C42C008F16A4</string>
			<key>isa</key>
			<string>PBXBuildFile</string>
		</dict>
		<key>21DCA0401CD8C516008F16A4</key>
		<dict>
			<key>isa</key>
			<string>PBXFileReference</string>
			<key>lastKnownFileType</key>
			<string>sourcecode.c.h</string>
			<key>path</key>
			<string>pchFile.pch</string>
			<key>sourceTree</key>
			<string>&lt;group&gt;</string>
		</dict>
		<key>21DCA0411CD8C770008F16A4</key>
		<dict>
			<key>fileEncoding</key>
			<string>4</string>
			<key>isa</key>
			<string>PBXFileReference</string>
			<key>lastKnownFileType</key>
			<string>sourcecode.c.objc</string>
			<key>path</key>
			<string>RYJMeViewController.m</string>
			<key>sourceTree</key>
			<string>&lt;group&gt;</string>
		</dict>
		<key>21DCA0421CD8C770008F16A4</key>
		<dict>
			<key>fileRef</key>
			<string>21DCA0411CD8C770008F16A4</string>
			<key>isa</key>
			<string>PBXBuildFile</string>
		</dict>
		<key>3F4A2CDBBFB6B46B2228C5EE</key>
		<dict>
			<key>children</key>
			<array>
				<string>DADD57076C08F2E4D47E7C73</string>
				<string>8D1B056425F41A782287F007</string>
			</array>
			<key>isa</key>
			<string>PBXGroup</string>
			<key>name</key>
			<string>Pods</string>
			<key>sourceTree</key>
			<string>&lt;group&gt;</string>
		</dict>
		<key>4CA9CF9220DEB162C66F3262</key>
		<dict>
			<key>buildActionMask</key>
			<string>2147483647</string>
			<key>files</key>
			<array/>
			<key>inputPaths</key>
			<array/>
			<key>isa</key>
			<string>PBXShellScriptBuildPhase</string>
			<key>name</key>
			<string>Check Pods Manifest.lock</string>
			<key>outputPaths</key>
			<array/>
			<key>runOnlyForDeploymentPostprocessing</key>
			<string>0</string>
			<key>shellPath</key>
			<string>/bin/sh</string>
			<key>shellScript</key>
			<string>diff "${PODS_ROOT}/../Podfile.lock" "${PODS_ROOT}/Manifest.lock" &gt; /dev/null
if [[ $? != 0 ]] ; then
    cat &lt;&lt; EOM
error: The sandbox is not in sync with the Podfile.lock. Run 'pod install' or update your CocoaPods installation.
EOM
    exit 1
fi
</string>
			<key>showEnvVarsInLog</key>
			<string>0</string>
		</dict>
		<key>540B2E04416B8E410494504F</key>
		<dict>
			<key>buildActionMask</key>
			<string>2147483647</string>
			<key>files</key>
			<array/>
			<key>inputPaths</key>
			<array/>
			<key>isa</key>
			<string>PBXShellScriptBuildPhase</string>
			<key>name</key>
			<string>Copy Pods Resources</string>
			<key>outputPaths</key>
			<array/>
			<key>runOnlyForDeploymentPostprocessing</key>
			<string>0</string>
			<key>shellPath</key>
			<string>/bin/sh</string>
			<key>shellScript</key>
			<string>"${SRCROOT}/Pods/Target Support Files/Pods/Pods-resources.sh"
</string>
			<key>showEnvVarsInLog</key>
			<string>0</string>
		</dict>
		<key>66266CEF94FCD440EF6F5C08</key>
		<dict>
			<key>children</key>
			<array>
				<string>9CBE487AF8B06F9C3C05C202</string>
			</array>
			<key>isa</key>
			<string>PBXGroup</string>
			<key>name</key>
			<string>Frameworks</string>
			<key>sourceTree</key>
			<string>&lt;group&gt;</string>
		</dict>
		<key>8D1B056425F41A782287F007</key>
		<dict>
			<key>includeInIndex</key>
			<string>1</string>
			<key>isa</key>
			<string>PBXFileReference</string>
			<key>lastKnownFileType</key>
			<string>text.xcconfig</string>
			<key>name</key>
			<string>Pods.release.xcconfig</string>
			<key>path</key>
			<string>Pods/Target Support Files/Pods/Pods.release.xcconfig</string>
			<key>sourceTree</key>
			<string>&lt;group&gt;</string>
		</dict>
		<key>9CBE487AF8B06F9C3C05C202</key>
		<dict>
			<key>explicitFileType</key>
			<string>archive.ar</string>
			<key>includeInIndex</key>
			<string>0</string>
			<key>isa</key>
			<string>PBXFileReference</string>
			<key>path</key>
			<string>libPods.a</string>
			<key>sourceTree</key>
			<string>BUILT_PRODUCTS_DIR</string>
		</dict>
		<key>CE97035203C8374A71347A38</key>
		<dict>
			<key>fileRef</key>
			<string>9CBE487AF8B06F9C3C05C202</string>
			<key>isa</key>
			<string>PBXBuildFile</string>
		</dict>
		<key>DADD57076C08F2E4D47E7C73</key>
		<dict>
			<key>includeInIndex</key>
			<string>1</string>
			<key>isa</key>
			<string>PBXFileReference</string>
			<key>lastKnownFileType</key>
			<string>text.xcconfig</string>
			<key>name</key>
			<string>Pods.debug.xcconfig</string>
			<key>path</key>
			<string>Pods/Target Support Files/Pods/Pods.debug.xcconfig</string>
			<key>sourceTree</key>
			<string>&lt;group&gt;</string>
		</dict>
		<key>E08D2BE5A270283071C79928</key>
		<dict>
			<key>buildActionMask</key>
			<string>2147483647</string>
			<key>files</key>
			<array/>
			<key>inputPaths</key>
			<array/>
			<key>isa</key>
			<string>PBXShellScriptBuildPhase</string>
			<key>name</key>
			<string>Embed Pods Frameworks</string>
			<key>outputPaths</key>
			<array/>
			<key>runOnlyForDeploymentPostprocessing</key>
			<string>0</string>
			<key>shellPath</key>
			<string>/bin/sh</string>
			<key>shellScript</key>
			<string>"${SRCROOT}/Pods/Target Support Files/Pods/Pods-frameworks.sh"
</string>
			<key>showEnvVarsInLog</key>
			<string>0</string>
		</dict>
	</dict>
	<key>rootObject</key>
	<string>21DC9FD21CD8C1F1008F16A4</string>
</dict>
</plist>
